// !$*UTF8*$!
{
	archiveVersion = 1;
	classes = {
	};
	objectVersion = 51;
	objects = {

/* Begin PBXBuildFile section */
		645D2E0924F3640100FF61AD /* AppDelegate.swift in Sources */ = {isa = PBXBuildFile; fileRef = 645D2E0824F3640100FF61AD /* AppDelegate.swift */; };
		645D2E0B24F3640100FF61AD /* SceneDelegate.swift in Sources */ = {isa = PBXBuildFile; fileRef = 645D2E0A24F3640100FF61AD /* SceneDelegate.swift */; };
		645D2E0D24F3640100FF61AD /* ContentView.swift in Sources */ = {isa = PBXBuildFile; fileRef = 645D2E0C24F3640100FF61AD /* ContentView.swift */; };
		645D2E0F24F3640400FF61AD /* Assets.xcassets in Resources */ = {isa = PBXBuildFile; fileRef = 645D2E0E24F3640400FF61AD /* Assets.xcassets */; };
		645D2E1224F3640400FF61AD /* Preview Assets.xcassets in Resources */ = {isa = PBXBuildFile; fileRef = 645D2E1124F3640400FF61AD /* Preview Assets.xcassets */; };
		645D2E1524F3640400FF61AD /* LaunchScreen.storyboard in Resources */ = {isa = PBXBuildFile; fileRef = 645D2E1324F3640400FF61AD /* LaunchScreen.storyboard */; };
		645D2E2024F3640500FF61AD /* swiftui_cloud_firestore_crud_operationsTests.swift in Sources */ = {isa = PBXBuildFile; fileRef = 645D2E1F24F3640500FF61AD /* swiftui_cloud_firestore_crud_operationsTests.swift */; };
		645D2E2B24F3640500FF61AD /* swiftui_cloud_firestore_crud_operationsUITests.swift in Sources */ = {isa = PBXBuildFile; fileRef = 645D2E2A24F3640500FF61AD /* swiftui_cloud_firestore_crud_operationsUITests.swift */; };
		6463D732250A745A00F325C6 /* GoogleService-Info.plist in Resources */ = {isa = PBXBuildFile; fileRef = 6463D731250A745A00F325C6 /* GoogleService-Info.plist */; };
		6463D737250A765C00F325C6 /* Home.swift in Sources */ = {isa = PBXBuildFile; fileRef = 6463D736250A765C00F325C6 /* Home.swift */; };
		6463D739250A7AAF00F325C6 /* Message.swift in Sources */ = {isa = PBXBuildFile; fileRef = 6463D738250A7AAF00F325C6 /* Message.swift */; };
		6463D73B250A812000F325C6 /* HomeViewModel.swift in Sources */ = {isa = PBXBuildFile; fileRef = 6463D73A250A812000F325C6 /* HomeViewModel.swift */; };
		6463D73D250A91C600F325C6 /* UpdateMessage.swift in Sources */ = {isa = PBXBuildFile; fileRef = 6463D73C250A91C600F325C6 /* UpdateMessage.swift */; };
		8B6A0F34AC06F70FF0B5E570 /* Pods_swiftui_cloud_firestore_crud_operations_swiftui_cloud_firestore_crud_operationsUITests.framework in Frameworks */ = {isa = PBXBuildFile; fileRef = 29AABD94855A45D12BD5FB58 /* Pods_swiftui_cloud_firestore_crud_operations_swiftui_cloud_firestore_crud_operationsUITests.framework */; };
		D6ED1F4B8811CAC6BD439731 /* Pods_swiftui_cloud_firestore_crud_operationsTests.framework in Frameworks */ = {isa = PBXBuildFile; fileRef = C1B99ED8AA8B1F53F028E0F2 /* Pods_swiftui_cloud_firestore_crud_operationsTests.framework */; };
		E5E558F42D29AD050E185C15 /* Pods_swiftui_cloud_firestore_crud_operations.framework in Frameworks */ = {isa = PBXBuildFile; fileRef = 533F52B0214772709009E5F9 /* Pods_swiftui_cloud_firestore_crud_operations.framework */; };
/* End PBXBuildFile section */

/* Begin PBXContainerItemProxy section */
		645D2E1C24F3640400FF61AD /* PBXContainerItemProxy */ = {
			isa = PBXContainerItemProxy;
			containerPortal = 645D2DFD24F3640100FF61AD /* Project object */;
			proxyType = 1;
			remoteGlobalIDString = 645D2E0424F3640100FF61AD;
			remoteInfo = "swiftui-cloud-firestore-crud-operations";
		};
		645D2E2724F3640500FF61AD /* PBXContainerItemProxy */ = {
			isa = PBXContainerItemProxy;
			containerPortal = 645D2DFD24F3640100FF61AD /* Project object */;
			proxyType = 1;
			remoteGlobalIDString = 645D2E0424F3640100FF61AD;
			remoteInfo = "swiftui-cloud-firestore-crud-operations";
		};
/* End PBXContainerItemProxy section */

/* Begin PBXFileReference section */
		05134833E1C050FAAFF224A0 /* Pods-swiftui-cloud-firestore-crud-operations-swiftui-cloud-firestore-crud-operationsUITests.debug.xcconfig */ = {isa = PBXFileReference; includeInIndex = 1; lastKnownFileType = text.xcconfig; name = "Pods-swiftui-cloud-firestore-crud-operations-swiftui-cloud-firestore-crud-operationsUITests.debug.xcconfig"; path = "Target Support Files/Pods-swiftui-cloud-firestore-crud-operations-swiftui-cloud-firestore-crud-operationsUITests/Pods-swiftui-cloud-firestore-crud-operations-swiftui-cloud-firestore-crud-operationsUITests.debug.xcconfig"; sourceTree = "<group>"; };
		0B448EF6AD724511308B5913 /* Pods-swiftui-cloud-firestore-crud-operations.debug.xcconfig */ = {isa = PBXFileReference; includeInIndex = 1; lastKnownFileType = text.xcconfig; name = "Pods-swiftui-cloud-firestore-crud-operations.debug.xcconfig"; path = "Target Support Files/Pods-swiftui-cloud-firestore-crud-operations/Pods-swiftui-cloud-firestore-crud-operations.debug.xcconfig"; sourceTree = "<group>"; };
		29AABD94855A45D12BD5FB58 /* Pods_swiftui_cloud_firestore_crud_operations_swiftui_cloud_firestore_crud_operationsUITests.framework */ = {isa = PBXFileReference; explicitFileType = wrapper.framework; includeInIndex = 0; path = Pods_swiftui_cloud_firestore_crud_operations_swiftui_cloud_firestore_crud_operationsUITests.framework; sourceTree = BUILT_PRODUCTS_DIR; };
		4DBDA58BDAC152540975C178 /* Pods-swiftui-cloud-firestore-crud-operations-swiftui-cloud-firestore-crud-operationsUITests.release.xcconfig */ = {isa = PBXFileReference; includeInIndex = 1; lastKnownFileType = text.xcconfig; name = "Pods-swiftui-cloud-firestore-crud-operations-swiftui-cloud-firestore-crud-operationsUITests.release.xcconfig"; path = "Target Support Files/Pods-swiftui-cloud-firestore-crud-operations-swiftui-cloud-firestore-crud-operationsUITests/Pods-swiftui-cloud-firestore-crud-operations-swiftui-cloud-firestore-crud-operationsUITests.release.xcconfig"; sourceTree = "<group>"; };
		533F52B0214772709009E5F9 /* Pods_swiftui_cloud_firestore_crud_operations.framework */ = {isa = PBXFileReference; explicitFileType = wrapper.framework; includeInIndex = 0; path = Pods_swiftui_cloud_firestore_crud_operations.framework; sourceTree = BUILT_PRODUCTS_DIR; };
		55E161D36514D282589BF127 /* Pods-swiftui-cloud-firestore-crud-operationsTests.debug.xcconfig */ = {isa = PBXFileReference; includeInIndex = 1; lastKnownFileType = text.xcconfig; name = "Pods-swiftui-cloud-firestore-crud-operationsTests.debug.xcconfig"; path = "Target Support Files/Pods-swiftui-cloud-firestore-crud-operationsTests/Pods-swiftui-cloud-firestore-crud-operationsTests.debug.xcconfig"; sourceTree = "<group>"; };
		645D2E0524F3640100FF61AD /* swiftui-cloud-firestore-crud-operations.app */ = {isa = PBXFileReference; explicitFileType = wrapper.application; includeInIndex = 0; path = "swiftui-cloud-firestore-crud-operations.app"; sourceTree = BUILT_PRODUCTS_DIR; };
		645D2E0824F3640100FF61AD /* AppDelegate.swift */ = {isa = PBXFileReference; lastKnownFileType = sourcecode.swift; path = AppDelegate.swift; sourceTree = "<group>"; };
		645D2E0A24F3640100FF61AD /* SceneDelegate.swift */ = {isa = PBXFileReference; lastKnownFileType = sourcecode.swift; path = SceneDelegate.swift; sourceTree = "<group>"; };
		645D2E0C24F3640100FF61AD /* ContentView.swift */ = {isa = PBXFileReference; lastKnownFileType = sourcecode.swift; path = ContentView.swift; sourceTree = "<group>"; };
		645D2E0E24F3640400FF61AD /* Assets.xcassets */ = {isa = PBXFileReference; lastKnownFileType = folder.assetcatalog; path = Assets.xcassets; sourceTree = "<group>"; };
		645D2E1124F3640400FF61AD /* Preview Assets.xcassets */ = {isa = PBXFileReference; lastKnownFileType = folder.assetcatalog; path = "Preview Assets.xcassets"; sourceTree = "<group>"; };
		645D2E1424F3640400FF61AD /* Base */ = {isa = PBXFileReference; lastKnownFileType = file.storyboard; name = Base; path = Base.lproj/LaunchScreen.storyboard; sourceTree = "<group>"; };
		645D2E1624F3640400FF61AD /* Info.plist */ = {isa = PBXFileReference; lastKnownFileType = text.plist.xml; path = Info.plist; sourceTree = "<group>"; };
		645D2E1B24F3640400FF61AD /* swiftui-cloud-firestore-crud-operationsTests.xctest */ = {isa = PBXFileReference; explicitFileType = wrapper.cfbundle; includeInIndex = 0; path = "swiftui-cloud-firestore-crud-operationsTests.xctest"; sourceTree = BUILT_PRODUCTS_DIR; };
		645D2E1F24F3640500FF61AD /* swiftui_cloud_firestore_crud_operationsTests.swift */ = {isa = PBXFileReference; lastKnownFileType = sourcecode.swift; path = swiftui_cloud_firestore_crud_operationsTests.swift; sourceTree = "<group>"; };
		645D2E2124F3640500FF61AD /* Info.plist */ = {isa = PBXFileReference; lastKnownFileType = text.plist.xml; path = Info.plist; sourceTree = "<group>"; };
		645D2E2624F3640500FF61AD /* swiftui-cloud-firestore-crud-operationsUITests.xctest */ = {isa = PBXFileReference; explicitFileType = wrapper.cfbundle; includeInIndex = 0; path = "swiftui-cloud-firestore-crud-operationsUITests.xctest"; sourceTree = BUILT_PRODUCTS_DIR; };
		645D2E2A24F3640500FF61AD /* swiftui_cloud_firestore_crud_operationsUITests.swift */ = {isa = PBXFileReference; lastKnownFileType = sourcecode.swift; path = swiftui_cloud_firestore_crud_operationsUITests.swift; sourceTree = "<group>"; };
		645D2E2C24F3640500FF61AD /* Info.plist */ = {isa = PBXFileReference; lastKnownFileType = text.plist.xml; path = Info.plist; sourceTree = "<group>"; };
		6463D731250A745A00F325C6 /* GoogleService-Info.plist */ = {isa = PBXFileReference; fileEncoding = 4; lastKnownFileType = text.plist.xml; path = "GoogleService-Info.plist"; sourceTree = "<group>"; };
		6463D736250A765C00F325C6 /* Home.swift */ = {isa = PBXFileReference; lastKnownFileType = sourcecode.swift; path = Home.swift; sourceTree = "<group>"; };
		6463D738250A7AAF00F325C6 /* Message.swift */ = {isa = PBXFileReference; lastKnownFileType = sourcecode.swift; path = Message.swift; sourceTree = "<group>"; };
		6463D73A250A812000F325C6 /* HomeViewModel.swift */ = {isa = PBXFileReference; lastKnownFileType = sourcecode.swift; path = HomeViewModel.swift; sourceTree = "<group>"; };
		6463D73C250A91C600F325C6 /* UpdateMessage.swift */ = {isa = PBXFileReference; lastKnownFileType = sourcecode.swift; path = UpdateMessage.swift; sourceTree = "<group>"; };
		952EC1BB95AD07E45784E863 /* Pods-swiftui-cloud-firestore-crud-operations.release.xcconfig */ = {isa = PBXFileReference; includeInIndex = 1; lastKnownFileType = text.xcconfig; name = "Pods-swiftui-cloud-firestore-crud-operations.release.xcconfig"; path = "Target Support Files/Pods-swiftui-cloud-firestore-crud-operations/Pods-swiftui-cloud-firestore-crud-operations.release.xcconfig"; sourceTree = "<group>"; };
		C1B99ED8AA8B1F53F028E0F2 /* Pods_swiftui_cloud_firestore_crud_operationsTests.framework */ = {isa = PBXFileReference; explicitFileType = wrapper.framework; includeInIndex = 0; path = Pods_swiftui_cloud_firestore_crud_operationsTests.framework; sourceTree = BUILT_PRODUCTS_DIR; };
		D1157C7FE51EEDCD9A1C79D0 /* Pods-swiftui-cloud-firestore-crud-operationsTests.release.xcconfig */ = {isa = PBXFileReference; includeInIndex = 1; lastKnownFileType = text.xcconfig; name = "Pods-swiftui-cloud-firestore-crud-operationsTests.release.xcconfig"; path = "Target Support Files/Pods-swiftui-cloud-firestore-crud-operationsTests/Pods-swiftui-cloud-firestore-crud-operationsTests.release.xcconfig"; sourceTree = "<group>"; };
/* End PBXFileReference section */

/* Begin PBXFrameworksBuildPhase section */
		645D2E0224F3640100FF61AD /* Frameworks */ = {
			isa = PBXFrameworksBuildPhase;
			buildActionMask = 2147483647;
			files = (
				E5E558F42D29AD050E185C15 /* Pods_swiftui_cloud_firestore_crud_operations.framework in Frameworks */,
			);
			runOnlyForDeploymentPostprocessing = 0;
		};
		645D2E1824F3640400FF61AD /* Frameworks */ = {
			isa = PBXFrameworksBuildPhase;
			buildActionMask = 2147483647;
			files = (
				D6ED1F4B8811CAC6BD439731 /* Pods_swiftui_cloud_firestore_crud_operationsTests.framework in Frameworks */,
			);
			runOnlyForDeploymentPostprocessing = 0;
		};
		645D2E2324F3640500FF61AD /* Frameworks */ = {
			isa = PBXFrameworksBuildPhase;
			buildActionMask = 2147483647;
			files = (
				8B6A0F34AC06F70FF0B5E570 /* Pods_swiftui_cloud_firestore_crud_operations_swiftui_cloud_firestore_crud_operationsUITests.framework in Frameworks */,
			);
			runOnlyForDeploymentPostprocessing = 0;
		};
/* End PBXFrameworksBuildPhase section */

/* Begin PBXGroup section */
		5F0FE0E7525104676ED757EF /* Pods */ = {
			isa = PBXGroup;
			children = (
				0B448EF6AD724511308B5913 /* Pods-swiftui-cloud-firestore-crud-operations.debug.xcconfig */,
				952EC1BB95AD07E45784E863 /* Pods-swiftui-cloud-firestore-crud-operations.release.xcconfig */,
				05134833E1C050FAAFF224A0 /* Pods-swiftui-cloud-firestore-crud-operations-swiftui-cloud-firestore-crud-operationsUITests.debug.xcconfig */,
				4DBDA58BDAC152540975C178 /* Pods-swiftui-cloud-firestore-crud-operations-swiftui-cloud-firestore-crud-operationsUITests.release.xcconfig */,
				55E161D36514D282589BF127 /* Pods-swiftui-cloud-firestore-crud-operationsTests.debug.xcconfig */,
				D1157C7FE51EEDCD9A1C79D0 /* Pods-swiftui-cloud-firestore-crud-operationsTests.release.xcconfig */,
			);
			path = Pods;
			sourceTree = "<group>";
		};
		645D2DFC24F3640100FF61AD = {
			isa = PBXGroup;
			children = (
				645D2E0724F3640100FF61AD /* swiftui-cloud-firestore-crud-operations */,
				645D2E1E24F3640500FF61AD /* swiftui-cloud-firestore-crud-operationsTests */,
				645D2E2924F3640500FF61AD /* swiftui-cloud-firestore-crud-operationsUITests */,
				645D2E0624F3640100FF61AD /* Products */,
				5F0FE0E7525104676ED757EF /* Pods */,
				B2ADCCB39C2E6D9B828D76BD /* Frameworks */,
			);
			sourceTree = "<group>";
		};
		645D2E0624F3640100FF61AD /* Products */ = {
			isa = PBXGroup;
			children = (
				645D2E0524F3640100FF61AD /* swiftui-cloud-firestore-crud-operations.app */,
				645D2E1B24F3640400FF61AD /* swiftui-cloud-firestore-crud-operationsTests.xctest */,
				645D2E2624F3640500FF61AD /* swiftui-cloud-firestore-crud-operationsUITests.xctest */,
			);
			name = Products;
			sourceTree = "<group>";
		};
		645D2E0724F3640100FF61AD /* swiftui-cloud-firestore-crud-operations */ = {
			isa = PBXGroup;
			children = (
				6463D735250A764B00F325C6 /* ViewModel */,
				6463D734250A764000F325C6 /* Model */,
				6463D733250A762600F325C6 /* View */,
				645D2E0824F3640100FF61AD /* AppDelegate.swift */,
				645D2E0A24F3640100FF61AD /* SceneDelegate.swift */,
				645D2E0C24F3640100FF61AD /* ContentView.swift */,
				6463D731250A745A00F325C6 /* GoogleService-Info.plist */,
				645D2E0E24F3640400FF61AD /* Assets.xcassets */,
				645D2E1324F3640400FF61AD /* LaunchScreen.storyboard */,
				645D2E1624F3640400FF61AD /* Info.plist */,
				645D2E1024F3640400FF61AD /* Preview Content */,
			);
			path = "swiftui-cloud-firestore-crud-operations";
			sourceTree = "<group>";
		};
		645D2E1024F3640400FF61AD /* Preview Content */ = {
			isa = PBXGroup;
			children = (
				645D2E1124F3640400FF61AD /* Preview Assets.xcassets */,
			);
			path = "Preview Content";
			sourceTree = "<group>";
		};
		645D2E1E24F3640500FF61AD /* swiftui-cloud-firestore-crud-operationsTests */ = {
			isa = PBXGroup;
			children = (
				645D2E1F24F3640500FF61AD /* swiftui_cloud_firestore_crud_operationsTests.swift */,
				645D2E2124F3640500FF61AD /* Info.plist */,
			);
			path = "swiftui-cloud-firestore-crud-operationsTests";
			sourceTree = "<group>";
		};
		645D2E2924F3640500FF61AD /* swiftui-cloud-firestore-crud-operationsUITests */ = {
			isa = PBXGroup;
			children = (
				645D2E2A24F3640500FF61AD /* swiftui_cloud_firestore_crud_operationsUITests.swift */,
				645D2E2C24F3640500FF61AD /* Info.plist */,
			);
			path = "swiftui-cloud-firestore-crud-operationsUITests";
			sourceTree = "<group>";
		};
		6463D733250A762600F325C6 /* View */ = {
			isa = PBXGroup;
			children = (
				6463D736250A765C00F325C6 /* Home.swift */,
				6463D73C250A91C600F325C6 /* UpdateMessage.swift */,
			);
			path = View;
			sourceTree = "<group>";
		};
		6463D734250A764000F325C6 /* Model */ = {
			isa = PBXGroup;
			children = (
				6463D738250A7AAF00F325C6 /* Message.swift */,
			);
			path = Model;
			sourceTree = "<group>";
		};
		6463D735250A764B00F325C6 /* ViewModel */ = {
			isa = PBXGroup;
			children = (
				6463D73A250A812000F325C6 /* HomeViewModel.swift */,
			);
			path = ViewModel;
			sourceTree = "<group>";
		};
		B2ADCCB39C2E6D9B828D76BD /* Frameworks */ = {
			isa = PBXGroup;
			children = (
				533F52B0214772709009E5F9 /* Pods_swiftui_cloud_firestore_crud_operations.framework */,
				29AABD94855A45D12BD5FB58 /* Pods_swiftui_cloud_firestore_crud_operations_swiftui_cloud_firestore_crud_operationsUITests.framework */,
				C1B99ED8AA8B1F53F028E0F2 /* Pods_swiftui_cloud_firestore_crud_operationsTests.framework */,
			);
			name = Frameworks;
			sourceTree = "<group>";
		};
/* End PBXGroup section */

/* Begin PBXNativeTarget section */
		645D2E0424F3640100FF61AD /* swiftui-cloud-firestore-crud-operations */ = {
			isa = PBXNativeTarget;
			buildConfigurationList = 645D2E2F24F3640500FF61AD /* Build configuration list for PBXNativeTarget "swiftui-cloud-firestore-crud-operations" */;
			buildPhases = (
				A8F2C5BC57A14583D9575F1A /* [CP] Check Pods Manifest.lock */,
				645D2E0124F3640100FF61AD /* Sources */,
				645D2E0224F3640100FF61AD /* Frameworks */,
				645D2E0324F3640100FF61AD /* Resources */,
				34927028B125471B59D95A40 /* [CP] Embed Pods Frameworks */,
			);
			buildRules = (
			);
			dependencies = (
			);
			name = "swiftui-cloud-firestore-crud-operations";
			productName = "swiftui-cloud-firestore-crud-operations";
			productReference = 645D2E0524F3640100FF61AD /* swiftui-cloud-firestore-crud-operations.app */;
			productType = "com.apple.product-type.application";
		};
		645D2E1A24F3640400FF61AD /* swiftui-cloud-firestore-crud-operationsTests */ = {
			isa = PBXNativeTarget;
			buildConfigurationList = 645D2E3224F3640500FF61AD /* Build configuration list for PBXNativeTarget "swiftui-cloud-firestore-crud-operationsTests" */;
			buildPhases = (
				5B3B19CE90E6888EC331B0C2 /* [CP] Check Pods Manifest.lock */,
				645D2E1724F3640400FF61AD /* Sources */,
				645D2E1824F3640400FF61AD /* Frameworks */,
				645D2E1924F3640400FF61AD /* Resources */,
			);
			buildRules = (
			);
			dependencies = (
				645D2E1D24F3640400FF61AD /* PBXTargetDependency */,
			);
			name = "swiftui-cloud-firestore-crud-operationsTests";
			productName = "swiftui-cloud-firestore-crud-operationsTests";
			productReference = 645D2E1B24F3640400FF61AD /* swiftui-cloud-firestore-crud-operationsTests.xctest */;
			productType = "com.apple.product-type.bundle.unit-test";
		};
		645D2E2524F3640500FF61AD /* swiftui-cloud-firestore-crud-operationsUITests */ = {
			isa = PBXNativeTarget;
			buildConfigurationList = 645D2E3524F3640500FF61AD /* Build configuration list for PBXNativeTarget "swiftui-cloud-firestore-crud-operationsUITests" */;
			buildPhases = (
				A1C5F347D213E9AC0CCD2FAF /* [CP] Check Pods Manifest.lock */,
				645D2E2224F3640500FF61AD /* Sources */,
				645D2E2324F3640500FF61AD /* Frameworks */,
				645D2E2424F3640500FF61AD /* Resources */,
				A66D29C544664C2D005E50FD /* [CP] Embed Pods Frameworks */,
			);
			buildRules = (
			);
			dependencies = (
				645D2E2824F3640500FF61AD /* PBXTargetDependency */,
			);
			name = "swiftui-cloud-firestore-crud-operationsUITests";
			productName = "swiftui-cloud-firestore-crud-operationsUITests";
			productReference = 645D2E2624F3640500FF61AD /* swiftui-cloud-firestore-crud-operationsUITests.xctest */;
			productType = "com.apple.product-type.bundle.ui-testing";
		};
/* End PBXNativeTarget section */

/* Begin PBXProject section */
		645D2DFD24F3640100FF61AD /* Project object */ = {
			isa = PBXProject;
			attributes = {
				LastSwiftUpdateCheck = 1160;
				LastUpgradeCheck = 1160;
				ORGANIZATIONNAME = "Huy D.";
				TargetAttributes = {
					645D2E0424F3640100FF61AD = {
						CreatedOnToolsVersion = 11.6;
					};
					645D2E1A24F3640400FF61AD = {
						CreatedOnToolsVersion = 11.6;
						TestTargetID = 645D2E0424F3640100FF61AD;
					};
					645D2E2524F3640500FF61AD = {
						CreatedOnToolsVersion = 11.6;
						TestTargetID = 645D2E0424F3640100FF61AD;
					};
				};
			};
			buildConfigurationList = 645D2E0024F3640100FF61AD /* Build configuration list for PBXProject "swiftui-cloud-firestore-crud-operations" */;
			compatibilityVersion = "Xcode 9.3";
			developmentRegion = en;
			hasScannedForEncodings = 0;
			knownRegions = (
				en,
				Base,
			);
			mainGroup = 645D2DFC24F3640100FF61AD;
			productRefGroup = 645D2E0624F3640100FF61AD /* Products */;
			projectDirPath = "";
			projectRoot = "";
			targets = (
				645D2E0424F3640100FF61AD /* swiftui-cloud-firestore-crud-operations */,
				645D2E1A24F3640400FF61AD /* swiftui-cloud-firestore-crud-operationsTests */,
				645D2E2524F3640500FF61AD /* swiftui-cloud-firestore-crud-operationsUITests */,
			);
		};
/* End PBXProject section */

/* Begin PBXResourcesBuildPhase section */
		645D2E0324F3640100FF61AD /* Resources */ = {
			isa = PBXResourcesBuildPhase;
			buildActionMask = 2147483647;
			files = (
				645D2E1524F3640400FF61AD /* LaunchScreen.storyboard in Resources */,
				6463D732250A745A00F325C6 /* GoogleService-Info.plist in Resources */,
				645D2E1224F3640400FF61AD /* Preview Assets.xcassets in Resources */,
				645D2E0F24F3640400FF61AD /* Assets.xcassets in Resources */,
			);
			runOnlyForDeploymentPostprocessing = 0;
		};
		645D2E1924F3640400FF61AD /* Resources */ = {
			isa = PBXResourcesBuildPhase;
			buildActionMask = 2147483647;
			files = (
			);
			runOnlyForDeploymentPostprocessing = 0;
		};
		645D2E2424F3640500FF61AD /* Resources */ = {
			isa = PBXResourcesBuildPhase;
			buildActionMask = 2147483647;
			files = (
			);
			runOnlyForDeploymentPostprocessing = 0;
		};
/* End PBXResourcesBuildPhase section */

/* Begin PBXShellScriptBuildPhase section */
		34927028B125471B59D95A40 /* [CP] Embed Pods Frameworks */ = {
			isa = PBXShellScriptBuildPhase;
			buildActionMask = 2147483647;
			files = (
			);
			inputFileListPaths = (
				"${PODS_ROOT}/Target Support Files/Pods-swiftui-cloud-firestore-crud-operations/Pods-swiftui-cloud-firestore-crud-operations-frameworks-${CONFIGURATION}-input-files.xcfilelist",
			);
			name = "[CP] Embed Pods Frameworks";
			outputFileListPaths = (
				"${PODS_ROOT}/Target Support Files/Pods-swiftui-cloud-firestore-crud-operations/Pods-swiftui-cloud-firestore-crud-operations-frameworks-${CONFIGURATION}-output-files.xcfilelist",
			);
			runOnlyForDeploymentPostprocessing = 0;
			shellPath = /bin/sh;
			shellScript = "\"${PODS_ROOT}/Target Support Files/Pods-swiftui-cloud-firestore-crud-operations/Pods-swiftui-cloud-firestore-crud-operations-frameworks.sh\"\n";
			showEnvVarsInLog = 0;
		};
		5B3B19CE90E6888EC331B0C2 /* [CP] Check Pods Manifest.lock */ = {
			isa = PBXShellScriptBuildPhase;
			buildActionMask = 2147483647;
			files = (
			);
			inputFileListPaths = (
			);
			inputPaths = (
				"${PODS_PODFILE_DIR_PATH}/Podfile.lock",
				"${PODS_ROOT}/Manifest.lock",
			);
			name = "[CP] Check Pods Manifest.lock";
			outputFileListPaths = (
			);
			outputPaths = (
				"$(DERIVED_FILE_DIR)/Pods-swiftui-cloud-firestore-crud-operationsTests-checkManifestLockResult.txt",
			);
			runOnlyForDeploymentPostprocessing = 0;
			shellPath = /bin/sh;
			shellScript = "diff \"${PODS_PODFILE_DIR_PATH}/Podfile.lock\" \"${PODS_ROOT}/Manifest.lock\" > /dev/null\nif [ $? != 0 ] ; then\n    # print error to STDERR\n    echo \"error: The sandbox is not in sync with the Podfile.lock. Run 'pod install' or update your CocoaPods installation.\" >&2\n    exit 1\nfi\n# This output is used by Xcode 'outputs' to avoid re-running this script phase.\necho \"SUCCESS\" > \"${SCRIPT_OUTPUT_FILE_0}\"\n";
			showEnvVarsInLog = 0;
		};
		A1C5F347D213E9AC0CCD2FAF /* [CP] Check Pods Manifest.lock */ = {
			isa = PBXShellScriptBuildPhase;
			buildActionMask = 2147483647;
			files = (
			);
			inputFileListPaths = (
			);
			inputPaths = (
				"${PODS_PODFILE_DIR_PATH}/Podfile.lock",
				"${PODS_ROOT}/Manifest.lock",
			);
			name = "[CP] Check Pods Manifest.lock";
			outputFileListPaths = (
			);
			outputPaths = (
				"$(DERIVED_FILE_DIR)/Pods-swiftui-cloud-firestore-crud-operations-swiftui-cloud-firestore-crud-operationsUITests-checkManifestLockResult.txt",
			);
			runOnlyForDeploymentPostprocessing = 0;
			shellPath = /bin/sh;
			shellScript = "diff \"${PODS_PODFILE_DIR_PATH}/Podfile.lock\" \"${PODS_ROOT}/Manifest.lock\" > /dev/null\nif [ $? != 0 ] ; then\n    # print error to STDERR\n    echo \"error: The sandbox is not in sync with the Podfile.lock. Run 'pod install' or update your CocoaPods installation.\" >&2\n    exit 1\nfi\n# This output is used by Xcode 'outputs' to avoid re-running this script phase.\necho \"SUCCESS\" > \"${SCRIPT_OUTPUT_FILE_0}\"\n";
			showEnvVarsInLog = 0;
		};
		A66D29C544664C2D005E50FD /* [CP] Embed Pods Frameworks */ = {
			isa = PBXShellScriptBuildPhase;
			buildActionMask = 2147483647;
			files = (
			);
			inputFileListPaths = (
				"${PODS_ROOT}/Target Support Files/Pods-swiftui-cloud-firestore-crud-operations-swiftui-cloud-firestore-crud-operationsUITests/Pods-swiftui-cloud-firestore-crud-operations-swiftui-cloud-firestore-crud-operationsUITests-frameworks-${CONFIGURATION}-input-files.xcfilelist",
			);
			name = "[CP] Embed Pods Frameworks";
			outputFileListPaths = (
				"${PODS_ROOT}/Target Support Files/Pods-swiftui-cloud-firestore-crud-operations-swiftui-cloud-firestore-crud-operationsUITests/Pods-swiftui-cloud-firestore-crud-operations-swiftui-cloud-firestore-crud-operationsUITests-frameworks-${CONFIGURATION}-output-files.xcfilelist",
			);
			runOnlyForDeploymentPostprocessing = 0;
			shellPath = /bin/sh;
			shellScript = "\"${PODS_ROOT}/Target Support Files/Pods-swiftui-cloud-firestore-crud-operations-swiftui-cloud-firestore-crud-operationsUITests/Pods-swiftui-cloud-firestore-crud-operations-swiftui-cloud-firestore-crud-operationsUITests-frameworks.sh\"\n";
			showEnvVarsInLog = 0;
		};
		A8F2C5BC57A14583D9575F1A /* [CP] Check Pods Manifest.lock */ = {
			isa = PBXShellScriptBuildPhase;
			buildActionMask = 2147483647;
			files = (
			);
			inputFileListPaths = (
			);
			inputPaths = (
				"${PODS_PODFILE_DIR_PATH}/Podfile.lock",
				"${PODS_ROOT}/Manifest.lock",
			);
			name = "[CP] Check Pods Manifest.lock";
			outputFileListPaths = (
			);
			outputPaths = (
				"$(DERIVED_FILE_DIR)/Pods-swiftui-cloud-firestore-crud-operations-checkManifestLockResult.txt",
			);
			runOnlyForDeploymentPostprocessing = 0;
			shellPath = /bin/sh;
			shellScript = "diff \"${PODS_PODFILE_DIR_PATH}/Podfile.lock\" \"${PODS_ROOT}/Manifest.lock\" > /dev/null\nif [ $? != 0 ] ; then\n    # print error to STDERR\n    echo \"error: The sandbox is not in sync with the Podfile.lock. Run 'pod install' or update your CocoaPods installation.\" >&2\n    exit 1\nfi\n# This output is used by Xcode 'outputs' to avoid re-running this script phase.\necho \"SUCCESS\" > \"${SCRIPT_OUTPUT_FILE_0}\"\n";
			showEnvVarsInLog = 0;
		};
/* End PBXShellScriptBuildPhase section */

/* Begin PBXSourcesBuildPhase section */
		645D2E0124F3640100FF61AD /* Sources */ = {
			isa = PBXSourcesBuildPhase;
			buildActionMask = 2147483647;
			files = (
				645D2E0924F3640100FF61AD /* AppDelegate.swift in Sources */,
				6463D73B250A812000F325C6 /* HomeViewModel.swift in Sources */,
				645D2E0B24F3640100FF61AD /* SceneDelegate.swift in Sources */,
				6463D739250A7AAF00F325C6 /* Message.swift in Sources */,
				6463D73D250A91C600F325C6 /* UpdateMessage.swift in Sources */,
				6463D737250A765C00F325C6 /* Home.swift in Sources */,
				645D2E0D24F3640100FF61AD /* ContentView.swift in Sources */,
			);
			runOnlyForDeploymentPostprocessing = 0;
		};
		645D2E1724F3640400FF61AD /* Sources */ = {
			isa = PBXSourcesBuildPhase;
			buildActionMask = 2147483647;
			files = (
				645D2E2024F3640500FF61AD /* swiftui_cloud_firestore_crud_operationsTests.swift in Sources */,
			);
			runOnlyForDeploymentPostprocessing = 0;
		};
		645D2E2224F3640500FF61AD /* Sources */ = {
			isa = PBXSourcesBuildPhase;
			buildActionMask = 2147483647;
			files = (
				645D2E2B24F3640500FF61AD /* swiftui_cloud_firestore_crud_operationsUITests.swift in Sources */,
			);
			runOnlyForDeploymentPostprocessing = 0;
		};
/* End PBXSourcesBuildPhase section */

/* Begin PBXTargetDependency section */
		645D2E1D24F3640400FF61AD /* PBXTargetDependency */ = {
			isa = PBXTargetDependency;
			target = 645D2E0424F3640100FF61AD /* swiftui-cloud-firestore-crud-operations */;
			targetProxy = 645D2E1C24F3640400FF61AD /* PBXContainerItemProxy */;
		};
		645D2E2824F3640500FF61AD /* PBXTargetDependency */ = {
			isa = PBXTargetDependency;
			target = 645D2E0424F3640100FF61AD /* swiftui-cloud-firestore-crud-operations */;
			targetProxy = 645D2E2724F3640500FF61AD /* PBXContainerItemProxy */;
		};
/* End PBXTargetDependency section */

/* Begin PBXVariantGroup section */
		645D2E1324F3640400FF61AD /* LaunchScreen.storyboard */ = {
			isa = PBXVariantGroup;
			children = (
				645D2E1424F3640400FF61AD /* Base */,
			);
			name = LaunchScreen.storyboard;
			sourceTree = "<group>";
		};
/* End PBXVariantGroup section */

/* Begin XCBuildConfiguration section */
		645D2E2D24F3640500FF61AD /* Debug */ = {
			isa = XCBuildConfiguration;
			buildSettings = {
				ALWAYS_SEARCH_USER_PATHS = NO;
				CLANG_ANALYZER_NONNULL = YES;
				CLANG_ANALYZER_NUMBER_OBJECT_CONVERSION = YES_AGGRESSIVE;
				CLANG_CXX_LANGUAGE_STANDARD = "gnu++14";
				CLANG_CXX_LIBRARY = "libc++";
				CLANG_ENABLE_MODULES = YES;
				CLANG_ENABLE_OBJC_ARC = YES;
				CLANG_ENABLE_OBJC_WEAK = YES;
				CLANG_WARN_BLOCK_CAPTURE_AUTORELEASING = YES;
				CLANG_WARN_BOOL_CONVERSION = YES;
				CLANG_WARN_COMMA = YES;
				CLANG_WARN_CONSTANT_CONVERSION = YES;
				CLANG_WARN_DEPRECATED_OBJC_IMPLEMENTATIONS = YES;
				CLANG_WARN_DIRECT_OBJC_ISA_USAGE = YES_ERROR;
				CLANG_WARN_DOCUMENTATION_COMMENTS = YES;
				CLANG_WARN_EMPTY_BODY = YES;
				CLANG_WARN_ENUM_CONVERSION = YES;
				CLANG_WARN_INFINITE_RECURSION = YES;
				CLANG_WARN_INT_CONVERSION = YES;
				CLANG_WARN_NON_LITERAL_NULL_CONVERSION = YES;
				CLANG_WARN_OBJC_IMPLICIT_RETAIN_SELF = YES;
				CLANG_WARN_OBJC_LITERAL_CONVERSION = YES;
				CLANG_WARN_OBJC_ROOT_CLASS = YES_ERROR;
				CLANG_WARN_RANGE_LOOP_ANALYSIS = YES;
				CLANG_WARN_STRICT_PROTOTYPES = YES;
				CLANG_WARN_SUSPICIOUS_MOVE = YES;
				CLANG_WARN_UNGUARDED_AVAILABILITY = YES_AGGRESSIVE;
				CLANG_WARN_UNREACHABLE_CODE = YES;
				CLANG_WARN__DUPLICATE_METHOD_MATCH = YES;
				COPY_PHASE_STRIP = NO;
				DEBUG_INFORMATION_FORMAT = dwarf;
				ENABLE_STRICT_OBJC_MSGSEND = YES;
				ENABLE_TESTABILITY = YES;
				GCC_C_LANGUAGE_STANDARD = gnu11;
				GCC_DYNAMIC_NO_PIC = NO;
				GCC_NO_COMMON_BLOCKS = YES;
				GCC_OPTIMIZATION_LEVEL = 0;
				GCC_PREPROCESSOR_DEFINITIONS = (
					"DEBUG=1",
					"$(inherited)",
				);
				GCC_WARN_64_TO_32_BIT_CONVERSION = YES;
				GCC_WARN_ABOUT_RETURN_TYPE = YES_ERROR;
				GCC_WARN_UNDECLARED_SELECTOR = YES;
				GCC_WARN_UNINITIALIZED_AUTOS = YES_AGGRESSIVE;
				GCC_WARN_UNUSED_FUNCTION = YES;
				GCC_WARN_UNUSED_VARIABLE = YES;
				IPHONEOS_DEPLOYMENT_TARGET = 13.6;
				MTL_ENABLE_DEBUG_INFO = INCLUDE_SOURCE;
				MTL_FAST_MATH = YES;
				ONLY_ACTIVE_ARCH = YES;
				SDKROOT = iphoneos;
				SWIFT_ACTIVE_COMPILATION_CONDITIONS = DEBUG;
				SWIFT_OPTIMIZATION_LEVEL = "-Onone";
			};
			name = Debug;
		};
		645D2E2E24F3640500FF61AD /* Release */ = {
			isa = XCBuildConfiguration;
			buildSettings = {
				ALWAYS_SEARCH_USER_PATHS = NO;
				CLANG_ANALYZER_NONNULL = YES;
				CLANG_ANALYZER_NUMBER_OBJECT_CONVERSION = YES_AGGRESSIVE;
				CLANG_CXX_LANGUAGE_STANDARD = "gnu++14";
				CLANG_CXX_LIBRARY = "libc++";
				CLANG_ENABLE_MODULES = YES;
				CLANG_ENABLE_OBJC_ARC = YES;
				CLANG_ENABLE_OBJC_WEAK = YES;
				CLANG_WARN_BLOCK_CAPTURE_AUTORELEASING = YES;
				CLANG_WARN_BOOL_CONVERSION = YES;
				CLANG_WARN_COMMA = YES;
				CLANG_WARN_CONSTANT_CONVERSION = YES;
				CLANG_WARN_DEPRECATED_OBJC_IMPLEMENTATIONS = YES;
				CLANG_WARN_DIRECT_OBJC_ISA_USAGE = YES_ERROR;
				CLANG_WARN_DOCUMENTATION_COMMENTS = YES;
				CLANG_WARN_EMPTY_BODY = YES;
				CLANG_WARN_ENUM_CONVERSION = YES;
				CLANG_WARN_INFINITE_RECURSION = YES;
				CLANG_WARN_INT_CONVERSION = YES;
				CLANG_WARN_NON_LITERAL_NULL_CONVERSION = YES;
				CLANG_WARN_OBJC_IMPLICIT_RETAIN_SELF = YES;
				CLANG_WARN_OBJC_LITERAL_CONVERSION = YES;
				CLANG_WARN_OBJC_ROOT_CLASS = YES_ERROR;
				CLANG_WARN_RANGE_LOOP_ANALYSIS = YES;
				CLANG_WARN_STRICT_PROTOTYPES = YES;
				CLANG_WARN_SUSPICIOUS_MOVE = YES;
				CLANG_WARN_UNGUARDED_AVAILABILITY = YES_AGGRESSIVE;
				CLANG_WARN_UNREACHABLE_CODE = YES;
				CLANG_WARN__DUPLICATE_METHOD_MATCH = YES;
				COPY_PHASE_STRIP = NO;
				DEBUG_INFORMATION_FORMAT = "dwarf-with-dsym";
				ENABLE_NS_ASSERTIONS = NO;
				ENABLE_STRICT_OBJC_MSGSEND = YES;
				GCC_C_LANGUAGE_STANDARD = gnu11;
				GCC_NO_COMMON_BLOCKS = YES;
				GCC_WARN_64_TO_32_BIT_CONVERSION = YES;
				GCC_WARN_ABOUT_RETURN_TYPE = YES_ERROR;
				GCC_WARN_UNDECLARED_SELECTOR = YES;
				GCC_WARN_UNINITIALIZED_AUTOS = YES_AGGRESSIVE;
				GCC_WARN_UNUSED_FUNCTION = YES;
				GCC_WARN_UNUSED_VARIABLE = YES;
				IPHONEOS_DEPLOYMENT_TARGET = 13.6;
				MTL_ENABLE_DEBUG_INFO = NO;
				MTL_FAST_MATH = YES;
				SDKROOT = iphoneos;
				SWIFT_COMPILATION_MODE = wholemodule;
				SWIFT_OPTIMIZATION_LEVEL = "-O";
				VALIDATE_PRODUCT = YES;
			};
			name = Release;
		};
		645D2E3024F3640500FF61AD /* Debug */ = {
			isa = XCBuildConfiguration;
			baseConfigurationReference = 0B448EF6AD724511308B5913 /* Pods-swiftui-cloud-firestore-crud-operations.debug.xcconfig */;
			buildSettings = {
				ASSETCATALOG_COMPILER_APPICON_NAME = AppIcon;
				CODE_SIGN_STYLE = Automatic;
				DEVELOPMENT_ASSET_PATHS = "\"swiftui-cloud-firestore-crud-operations/Preview Content\"";
				DEVELOPMENT_TEAM = 7AFB5ZUUVF;
				ENABLE_PREVIEWS = YES;
				INFOPLIST_FILE = "swiftui-cloud-firestore-crud-operations/Info.plist";
				LD_RUNPATH_SEARCH_PATHS = (
					"$(inherited)",
					"@executable_path/Frameworks",
				);
				PRODUCT_BUNDLE_IDENTIFIER = "github.com.duonghominhhuy.swiftui-cloud-firestore-crud-operations";
				PRODUCT_NAME = "$(TARGET_NAME)";
				SWIFT_VERSION = 5.0;
				TARGETED_DEVICE_FAMILY = "1,2";
			};
			name = Debug;
		};
		645D2E3124F3640500FF61AD /* Release */ = {
			isa = XCBuildConfiguration;
			baseConfigurationReference = 952EC1BB95AD07E45784E863 /* Pods-swiftui-cloud-firestore-crud-operations.release.xcconfig */;
			buildSettings = {
				ASSETCATALOG_COMPILER_APPICON_NAME = AppIcon;
				CODE_SIGN_STYLE = Automatic;
				DEVELOPMENT_ASSET_PATHS = "\"swiftui-cloud-firestore-crud-operations/Preview Content\"";
				DEVELOPMENT_TEAM = 7AFB5ZUUVF;
				ENABLE_PREVIEWS = YES;
				INFOPLIST_FILE = "swiftui-cloud-firestore-crud-operations/Info.plist";
				LD_RUNPATH_SEARCH_PATHS = (
					"$(inherited)",
					"@executable_path/Frameworks",
				);
				PRODUCT_BUNDLE_IDENTIFIER = "github.com.duonghominhhuy.swiftui-cloud-firestore-crud-operations";
				PRODUCT_NAME = "$(TARGET_NAME)";
				SWIFT_VERSION = 5.0;
				TARGETED_DEVICE_FAMILY = "1,2";
			};
			name = Release;
		};
		645D2E3324F3640500FF61AD /* Debug */ = {
			isa = XCBuildConfiguration;
			baseConfigurationReference = 55E161D36514D282589BF127 /* Pods-swiftui-cloud-firestore-crud-operationsTests.debug.xcconfig */;
			buildSettings = {
				ALWAYS_EMBED_SWIFT_STANDARD_LIBRARIES = YES;
				BUNDLE_LOADER = "$(TEST_HOST)";
				CODE_SIGN_STYLE = Automatic;
				DEVELOPMENT_TEAM = 7AFB5ZUUVF;
				INFOPLIST_FILE = "swiftui-cloud-firestore-crud-operationsTests/Info.plist";
				IPHONEOS_DEPLOYMENT_TARGET = 13.6;
				LD_RUNPATH_SEARCH_PATHS = (
					"$(inherited)",
					"@executable_path/Frameworks",
					"@loader_path/Frameworks",
				);
				PRODUCT_BUNDLE_IDENTIFIER = "github.com.duonghominhhuy.swiftui-cloud-firestore-crud-operationsTests";
				PRODUCT_NAME = "$(TARGET_NAME)";
				SWIFT_VERSION = 5.0;
				TARGETED_DEVICE_FAMILY = "1,2";
				TEST_HOST = "$(BUILT_PRODUCTS_DIR)/swiftui-cloud-firestore-crud-operations.app/swiftui-cloud-firestore-crud-operations";
			};
			name = Debug;
		};
		645D2E3424F3640500FF61AD /* Release */ = {
			isa = XCBuildConfiguration;
			baseConfigurationReference = D1157C7FE51EEDCD9A1C79D0 /* Pods-swiftui-cloud-firestore-crud-operationsTests.release.xcconfig */;
			buildSettings = {
				ALWAYS_EMBED_SWIFT_STANDARD_LIBRARIES = YES;
				BUNDLE_LOADER = "$(TEST_HOST)";
				CODE_SIGN_STYLE = Automatic;
				DEVELOPMENT_TEAM = 7AFB5ZUUVF;
				INFOPLIST_FILE = "swiftui-cloud-firestore-crud-operationsTests/Info.plist";
				IPHONEOS_DEPLOYMENT_TARGET = 13.6;
				LD_RUNPATH_SEARCH_PATHS = (
					"$(inherited)",
					"@executable_path/Frameworks",
					"@loader_path/Frameworks",
				);
				PRODUCT_BUNDLE_IDENTIFIER = "github.com.duonghominhhuy.swiftui-cloud-firestore-crud-operationsTests";
				PRODUCT_NAME = "$(TARGET_NAME)";
				SWIFT_VERSION = 5.0;
				TARGETED_DEVICE_FAMILY = "1,2";
				TEST_HOST = "$(BUILT_PRODUCTS_DIR)/swiftui-cloud-firestore-crud-operations.app/swiftui-cloud-firestore-crud-operations";
			};
			name = Release;
		};
		645D2E3624F3640500FF61AD /* Debug */ = {
			isa = XCBuildConfiguration;
			baseConfigurationReference = 05134833E1C050FAAFF224A0 /* Pods-swiftui-cloud-firestore-crud-operations-swiftui-cloud-firestore-crud-operationsUITests.debug.xcconfig */;
			buildSettings = {
				ALWAYS_EMBED_SWIFT_STANDARD_LIBRARIES = YES;
				CODE_SIGN_STYLE = Automatic;
				DEVELOPMENT_TEAM = 7AFB5ZUUVF;
				INFOPLIST_FILE = "swiftui-cloud-firestore-crud-operationsUITests/Info.plist";
				LD_RUNPATH_SEARCH_PATHS = (
					"$(inherited)",
					"@executable_path/Frameworks",
					"@loader_path/Frameworks",
				);
				PRODUCT_BUNDLE_IDENTIFIER = "github.com.duonghominhhuy.swiftui-cloud-firestore-crud-operationsUITests";
				PRODUCT_NAME = "$(TARGET_NAME)";
				SWIFT_VERSION = 5.0;
				TARGETED_DEVICE_FAMILY = "1,2";
				TEST_TARGET_NAME = "swiftui-cloud-firestore-crud-operations";
			};
			name = Debug;
		};
		645D2E3724F3640500FF61AD /* Release */ = {
			isa = XCBuildConfiguration;
			baseConfigurationReference = 4DBDA58BDAC152540975C178 /* Pods-swiftui-cloud-firestore-crud-operations-swiftui-cloud-firestore-crud-operationsUITests.release.xcconfig */;
			buildSettings = {
				ALWAYS_EMBED_SWIFT_STANDARD_LIBRARIES = YES;
				CODE_SIGN_STYLE = Automatic;
				DEVELOPMENT_TEAM = 7AFB5ZUUVF;
				INFOPLIST_FILE = "swiftui-cloud-firestore-crud-operationsUITests/Info.plist";
				LD_RUNPATH_SEARCH_PATHS = (
					"$(inherited)",
					"@executable_path/Frameworks",
					"@loader_path/Frameworks",
				);
				PRODUCT_BUNDLE_IDENTIFIER = "github.com.duonghominhhuy.swiftui-cloud-firestore-crud-operationsUITests";
				PRODUCT_NAME = "$(TARGET_NAME)";
				SWIFT_VERSION = 5.0;
				TARGETED_DEVICE_FAMILY = "1,2";
				TEST_TARGET_NAME = "swiftui-cloud-firestore-crud-operations";
			};
			name = Release;
		};
/* End XCBuildConfiguration section */

/* Begin XCConfigurationList section */
		645D2E0024F3640100FF61AD /* Build configuration list for PBXProject "swiftui-cloud-firestore-crud-operations" */ = {
			isa = XCConfigurationList;
			buildConfigurations = (
				645D2E2D24F3640500FF61AD /* Debug */,
				645D2E2E24F3640500FF61AD /* Release */,
			);
			defaultConfigurationIsVisible = 0;
			defaultConfigurationName = Release;
		};
		645D2E2F24F3640500FF61AD /* Build configuration list for PBXNativeTarget "swiftui-cloud-firestore-crud-operations" */ = {
			isa = XCConfigurationList;
			buildConfigurations = (
				645D2E3024F3640500FF61AD /* Debug */,
				645D2E3124F3640500FF61AD /* Release */,
			);
			defaultConfigurationIsVisible = 0;
			defaultConfigurationName = Release;
		};
		645D2E3224F3640500FF61AD /* Build configuration list for PBXNativeTarget "swiftui-cloud-firestore-crud-operationsTests" */ = {
			isa = XCConfigurationList;
			buildConfigurations = (
				645D2E3324F3640500FF61AD /* Debug */,
				645D2E3424F3640500FF61AD /* Release */,
			);
			defaultConfigurationIsVisible = 0;
			defaultConfigurationName = Release;
		};
		645D2E3524F3640500FF61AD /* Build configuration list for PBXNativeTarget "swiftui-cloud-firestore-crud-operationsUITests" */ = {
			isa = XCConfigurationList;
			buildConfigurations = (
				645D2E3624F3640500FF61AD /* Debug */,
				645D2E3724F3640500FF61AD /* Release */,
			);
			defaultConfigurationIsVisible = 0;
			defaultConfigurationName = Release;
		};
/* End XCConfigurationList section */
	};
	rootObject = 645D2DFD24F3640100FF61AD /* Project object */;
}
