// !$*UTF8*$!
{
	archiveVersion = 1;
	classes = {
	};
	objectVersion = 50;
	objects = {

/* Begin PBXBuildFile section */
		64462D93252E19A500DC9032 /* swiftui_dating_uiApp.swift in Sources */ = {isa = PBXBuildFile; fileRef = 64462D92252E19A500DC9032 /* swiftui_dating_uiApp.swift */; };
		64462D95252E19A500DC9032 /* ContentView.swift in Sources */ = {isa = PBXBuildFile; fileRef = 64462D94252E19A500DC9032 /* ContentView.swift */; };
		64462D97252E19A600DC9032 /* Assets.xcassets in Resources */ = {isa = PBXBuildFile; fileRef = 64462D96252E19A600DC9032 /* Assets.xcassets */; };
		64462D9A252E19A600DC9032 /* Preview Assets.xcassets in Resources */ = {isa = PBXBuildFile; fileRef = 64462D99252E19A600DC9032 /* Preview Assets.xcassets */; };
		64462DA5252E19A700DC9032 /* swiftui_dating_uiTests.swift in Sources */ = {isa = PBXBuildFile; fileRef = 64462DA4252E19A700DC9032 /* swiftui_dating_uiTests.swift */; };
		64462DB0252E19A700DC9032 /* swiftui_dating_uiUITests.swift in Sources */ = {isa = PBXBuildFile; fileRef = 64462DAF252E19A700DC9032 /* swiftui_dating_uiUITests.swift */; };
/* End PBXBuildFile section */

/* Begin PBXContainerItemProxy section */
		64462DA1252E19A700DC9032 /* PBXContainerItemProxy */ = {
			isa = PBXContainerItemProxy;
			containerPortal = 64462D87252E19A500DC9032 /* Project object */;
			proxyType = 1;
			remoteGlobalIDString = 64462D8E252E19A500DC9032;
			remoteInfo = "swiftui-dating-ui";
		};
		64462DAC252E19A700DC9032 /* PBXContainerItemProxy */ = {
			isa = PBXContainerItemProxy;
			containerPortal = 64462D87252E19A500DC9032 /* Project object */;
			proxyType = 1;
			remoteGlobalIDString = 64462D8E252E19A500DC9032;
			remoteInfo = "swiftui-dating-ui";
		};
/* End PBXContainerItemProxy section */

/* Begin PBXFileReference section */
		64462D8F252E19A500DC9032 /* swiftui-dating-ui.app */ = {isa = PBXFileReference; explicitFileType = wrapper.application; includeInIndex = 0; path = "swiftui-dating-ui.app"; sourceTree = BUILT_PRODUCTS_DIR; };
		64462D92252E19A500DC9032 /* swiftui_dating_uiApp.swift */ = {isa = PBXFileReference; lastKnownFileType = sourcecode.swift; path = swiftui_dating_uiApp.swift; sourceTree = "<group>"; };
		64462D94252E19A500DC9032 /* ContentView.swift */ = {isa = PBXFileReference; lastKnownFileType = sourcecode.swift; path = ContentView.swift; sourceTree = "<group>"; };
		64462D96252E19A600DC9032 /* Assets.xcassets */ = {isa = PBXFileReference; lastKnownFileType = folder.assetcatalog; path = Assets.xcassets; sourceTree = "<group>"; };
		64462D99252E19A600DC9032 /* Preview Assets.xcassets */ = {isa = PBXFileReference; lastKnownFileType = folder.assetcatalog; path = "Preview Assets.xcassets"; sourceTree = "<group>"; };
		64462D9B252E19A600DC9032 /* Info.plist */ = {isa = PBXFileReference; lastKnownFileType = text.plist.xml; path = Info.plist; sourceTree = "<group>"; };
		64462DA0252E19A700DC9032 /* swiftui-dating-uiTests.xctest */ = {isa = PBXFileReference; explicitFileType = wrapper.cfbundle; includeInIndex = 0; path = "swiftui-dating-uiTests.xctest"; sourceTree = BUILT_PRODUCTS_DIR; };
		64462DA4252E19A700DC9032 /* swiftui_dating_uiTests.swift */ = {isa = PBXFileReference; lastKnownFileType = sourcecode.swift; path = swiftui_dating_uiTests.swift; sourceTree = "<group>"; };
		64462DA6252E19A700DC9032 /* Info.plist */ = {isa = PBXFileReference; lastKnownFileType = text.plist.xml; path = Info.plist; sourceTree = "<group>"; };
		64462DAB252E19A700DC9032 /* swiftui-dating-uiUITests.xctest */ = {isa = PBXFileReference; explicitFileType = wrapper.cfbundle; includeInIndex = 0; path = "swiftui-dating-uiUITests.xctest"; sourceTree = BUILT_PRODUCTS_DIR; };
		64462DAF252E19A700DC9032 /* swiftui_dating_uiUITests.swift */ = {isa = PBXFileReference; lastKnownFileType = sourcecode.swift; path = swiftui_dating_uiUITests.swift; sourceTree = "<group>"; };
		64462DB1252E19A700DC9032 /* Info.plist */ = {isa = PBXFileReference; lastKnownFileType = text.plist.xml; path = Info.plist; sourceTree = "<group>"; };
/* End PBXFileReference section */

/* Begin PBXFrameworksBuildPhase section */
		64462D8C252E19A500DC9032 /* Frameworks */ = {
			isa = PBXFrameworksBuildPhase;
			buildActionMask = 2147483647;
			files = (
			);
			runOnlyForDeploymentPostprocessing = 0;
		};
		64462D9D252E19A700DC9032 /* Frameworks */ = {
			isa = PBXFrameworksBuildPhase;
			buildActionMask = 2147483647;
			files = (
			);
			runOnlyForDeploymentPostprocessing = 0;
		};
		64462DA8252E19A700DC9032 /* Frameworks */ = {
			isa = PBXFrameworksBuildPhase;
			buildActionMask = 2147483647;
			files = (
			);
			runOnlyForDeploymentPostprocessing = 0;
		};
/* End PBXFrameworksBuildPhase section */

/* Begin PBXGroup section */
		64462D86252E19A500DC9032 = {
			isa = PBXGroup;
			children = (
				64462D91252E19A500DC9032 /* swiftui-dating-ui */,
				64462DA3252E19A700DC9032 /* swiftui-dating-uiTests */,
				64462DAE252E19A700DC9032 /* swiftui-dating-uiUITests */,
				64462D90252E19A500DC9032 /* Products */,
			);
			sourceTree = "<group>";
		};
		64462D90252E19A500DC9032 /* Products */ = {
			isa = PBXGroup;
			children = (
				64462D8F252E19A500DC9032 /* swiftui-dating-ui.app */,
				64462DA0252E19A700DC9032 /* swiftui-dating-uiTests.xctest */,
				64462DAB252E19A700DC9032 /* swiftui-dating-uiUITests.xctest */,
			);
			name = Products;
			sourceTree = "<group>";
		};
		64462D91252E19A500DC9032 /* swiftui-dating-ui */ = {
			isa = PBXGroup;
			children = (
				64462D92252E19A500DC9032 /* swiftui_dating_uiApp.swift */,
				64462D94252E19A500DC9032 /* ContentView.swift */,
				64462D96252E19A600DC9032 /* Assets.xcassets */,
				64462D9B252E19A600DC9032 /* Info.plist */,
				64462D98252E19A600DC9032 /* Preview Content */,
			);
			path = "swiftui-dating-ui";
			sourceTree = "<group>";
		};
		64462D98252E19A600DC9032 /* Preview Content */ = {
			isa = PBXGroup;
			children = (
				64462D99252E19A600DC9032 /* Preview Assets.xcassets */,
			);
			path = "Preview Content";
			sourceTree = "<group>";
		};
		64462DA3252E19A700DC9032 /* swiftui-dating-uiTests */ = {
			isa = PBXGroup;
			children = (
				64462DA4252E19A700DC9032 /* swiftui_dating_uiTests.swift */,
				64462DA6252E19A700DC9032 /* Info.plist */,
			);
			path = "swiftui-dating-uiTests";
			sourceTree = "<group>";
		};
		64462DAE252E19A700DC9032 /* swiftui-dating-uiUITests */ = {
			isa = PBXGroup;
			children = (
				64462DAF252E19A700DC9032 /* swiftui_dating_uiUITests.swift */,
				64462DB1252E19A700DC9032 /* Info.plist */,
			);
			path = "swiftui-dating-uiUITests";
			sourceTree = "<group>";
		};
/* End PBXGroup section */

/* Begin PBXNativeTarget section */
		64462D8E252E19A500DC9032 /* swiftui-dating-ui */ = {
			isa = PBXNativeTarget;
			buildConfigurationList = 64462DB4252E19A700DC9032 /* Build configuration list for PBXNativeTarget "swiftui-dating-ui" */;
			buildPhases = (
				64462D8B252E19A500DC9032 /* Sources */,
				64462D8C252E19A500DC9032 /* Frameworks */,
				64462D8D252E19A500DC9032 /* Resources */,
			);
			buildRules = (
			);
			dependencies = (
			);
			name = "swiftui-dating-ui";
			productName = "swiftui-dating-ui";
			productReference = 64462D8F252E19A500DC9032 /* swiftui-dating-ui.app */;
			productType = "com.apple.product-type.application";
		};
		64462D9F252E19A700DC9032 /* swiftui-dating-uiTests */ = {
			isa = PBXNativeTarget;
			buildConfigurationList = 64462DB7252E19A700DC9032 /* Build configuration list for PBXNativeTarget "swiftui-dating-uiTests" */;
			buildPhases = (
				64462D9C252E19A700DC9032 /* Sources */,
				64462D9D252E19A700DC9032 /* Frameworks */,
				64462D9E252E19A700DC9032 /* Resources */,
			);
			buildRules = (
			);
			dependencies = (
				64462DA2252E19A700DC9032 /* PBXTargetDependency */,
			);
			name = "swiftui-dating-uiTests";
			productName = "swiftui-dating-uiTests";
			productReference = 64462DA0252E19A700DC9032 /* swiftui-dating-uiTests.xctest */;
			productType = "com.apple.product-type.bundle.unit-test";
		};
		64462DAA252E19A700DC9032 /* swiftui-dating-uiUITests */ = {
			isa = PBXNativeTarget;
			buildConfigurationList = 64462DBA252E19A700DC9032 /* Build configuration list for PBXNativeTarget "swiftui-dating-uiUITests" */;
			buildPhases = (
				64462DA7252E19A700DC9032 /* Sources */,
				64462DA8252E19A700DC9032 /* Frameworks */,
				64462DA9252E19A700DC9032 /* Resources */,
			);
			buildRules = (
			);
			dependencies = (
				64462DAD252E19A700DC9032 /* PBXTargetDependency */,
			);
			name = "swiftui-dating-uiUITests";
			productName = "swiftui-dating-uiUITests";
			productReference = 64462DAB252E19A700DC9032 /* swiftui-dating-uiUITests.xctest */;
			productType = "com.apple.product-type.bundle.ui-testing";
		};
/* End PBXNativeTarget section */

/* Begin PBXProject section */
		64462D87252E19A500DC9032 /* Project object */ = {
			isa = PBXProject;
			attributes = {
				LastSwiftUpdateCheck = 1200;
				LastUpgradeCheck = 1200;
				TargetAttributes = {
					64462D8E252E19A500DC9032 = {
						CreatedOnToolsVersion = 12.0.1;
					};
					64462D9F252E19A700DC9032 = {
						CreatedOnToolsVersion = 12.0.1;
						TestTargetID = 64462D8E252E19A500DC9032;
					};
					64462DAA252E19A700DC9032 = {
						CreatedOnToolsVersion = 12.0.1;
						TestTargetID = 64462D8E252E19A500DC9032;
					};
				};
			};
			buildConfigurationList = 64462D8A252E19A500DC9032 /* Build configuration list for PBXProject "swiftui-dating-ui" */;
			compatibilityVersion = "Xcode 9.3";
			developmentRegion = en;
			hasScannedForEncodings = 0;
			knownRegions = (
				en,
				Base,
			);
			mainGroup = 64462D86252E19A500DC9032;
			productRefGroup = 64462D90252E19A500DC9032 /* Products */;
			projectDirPath = "";
			projectRoot = "";
			targets = (
				64462D8E252E19A500DC9032 /* swiftui-dating-ui */,
				64462D9F252E19A700DC9032 /* swiftui-dating-uiTests */,
				64462DAA252E19A700DC9032 /* swiftui-dating-uiUITests */,
			);
		};
/* End PBXProject section */

/* Begin PBXResourcesBuildPhase section */
		64462D8D252E19A500DC9032 /* Resources */ = {
			isa = PBXResourcesBuildPhase;
			buildActionMask = 2147483647;
			files = (
				64462D9A252E19A600DC9032 /* Preview Assets.xcassets in Resources */,
				64462D97252E19A600DC9032 /* Assets.xcassets in Resources */,
			);
			runOnlyForDeploymentPostprocessing = 0;
		};
		64462D9E252E19A700DC9032 /* Resources */ = {
			isa = PBXResourcesBuildPhase;
			buildActionMask = 2147483647;
			files = (
			);
			runOnlyForDeploymentPostprocessing = 0;
		};
		64462DA9252E19A700DC9032 /* Resources */ = {
			isa = PBXResourcesBuildPhase;
			buildActionMask = 2147483647;
			files = (
			);
			runOnlyForDeploymentPostprocessing = 0;
		};
/* End PBXResourcesBuildPhase section */

/* Begin PBXSourcesBuildPhase section */
		64462D8B252E19A500DC9032 /* Sources */ = {
			isa = PBXSourcesBuildPhase;
			buildActionMask = 2147483647;
			files = (
				64462D95252E19A500DC9032 /* ContentView.swift in Sources */,
				64462D93252E19A500DC9032 /* swiftui_dating_uiApp.swift in Sources */,
			);
			runOnlyForDeploymentPostprocessing = 0;
		};
		64462D9C252E19A700DC9032 /* Sources */ = {
			isa = PBXSourcesBuildPhase;
			buildActionMask = 2147483647;
			files = (
				64462DA5252E19A700DC9032 /* swiftui_dating_uiTests.swift in Sources */,
			);
			runOnlyForDeploymentPostprocessing = 0;
		};
		64462DA7252E19A700DC9032 /* Sources */ = {
			isa = PBXSourcesBuildPhase;
			buildActionMask = 2147483647;
			files = (
				64462DB0252E19A700DC9032 /* swiftui_dating_uiUITests.swift in Sources */,
			);
			runOnlyForDeploymentPostprocessing = 0;
		};
/* End PBXSourcesBuildPhase section */

/* Begin PBXTargetDependency section */
		64462DA2252E19A700DC9032 /* PBXTargetDependency */ = {
			isa = PBXTargetDependency;
			target = 64462D8E252E19A500DC9032 /* swiftui-dating-ui */;
			targetProxy = 64462DA1252E19A700DC9032 /* PBXContainerItemProxy */;
		};
		64462DAD252E19A700DC9032 /* PBXTargetDependency */ = {
			isa = PBXTargetDependency;
			target = 64462D8E252E19A500DC9032 /* swiftui-dating-ui */;
			targetProxy = 64462DAC252E19A700DC9032 /* PBXContainerItemProxy */;
		};
/* End PBXTargetDependency section */

/* Begin XCBuildConfiguration section */
		64462DB2252E19A700DC9032 /* Debug */ = {
			isa = XCBuildConfiguration;
			buildSettings = {
				ALWAYS_SEARCH_USER_PATHS = NO;
				CLANG_ANALYZER_NONNULL = YES;
				CLANG_ANALYZER_NUMBER_OBJECT_CONVERSION = YES_AGGRESSIVE;
				CLANG_CXX_LANGUAGE_STANDARD = "gnu++14";
				CLANG_CXX_LIBRARY = "libc++";
				CLANG_ENABLE_MODULES = YES;
				CLANG_ENABLE_OBJC_ARC = YES;
				CLANG_ENABLE_OBJC_WEAK = YES;
				CLANG_WARN_BLOCK_CAPTURE_AUTORELEASING = YES;
				CLANG_WARN_BOOL_CONVERSION = YES;
				CLANG_WARN_COMMA = YES;
				CLANG_WARN_CONSTANT_CONVERSION = YES;
				CLANG_WARN_DEPRECATED_OBJC_IMPLEMENTATIONS = YES;
				CLANG_WARN_DIRECT_OBJC_ISA_USAGE = YES_ERROR;
				CLANG_WARN_DOCUMENTATION_COMMENTS = YES;
				CLANG_WARN_EMPTY_BODY = YES;
				CLANG_WARN_ENUM_CONVERSION = YES;
				CLANG_WARN_INFINITE_RECURSION = YES;
				CLANG_WARN_INT_CONVERSION = YES;
				CLANG_WARN_NON_LITERAL_NULL_CONVERSION = YES;
				CLANG_WARN_OBJC_IMPLICIT_RETAIN_SELF = YES;
				CLANG_WARN_OBJC_LITERAL_CONVERSION = YES;
				CLANG_WARN_OBJC_ROOT_CLASS = YES_ERROR;
				CLANG_WARN_QUOTED_INCLUDE_IN_FRAMEWORK_HEADER = YES;
				CLANG_WARN_RANGE_LOOP_ANALYSIS = YES;
				CLANG_WARN_STRICT_PROTOTYPES = YES;
				CLANG_WARN_SUSPICIOUS_MOVE = YES;
				CLANG_WARN_UNGUARDED_AVAILABILITY = YES_AGGRESSIVE;
				CLANG_WARN_UNREACHABLE_CODE = YES;
				CLANG_WARN__DUPLICATE_METHOD_MATCH = YES;
				COPY_PHASE_STRIP = NO;
				DEBUG_INFORMATION_FORMAT = dwarf;
				ENABLE_STRICT_OBJC_MSGSEND = YES;
				ENABLE_TESTABILITY = YES;
				GCC_C_LANGUAGE_STANDARD = gnu11;
				GCC_DYNAMIC_NO_PIC = NO;
				GCC_NO_COMMON_BLOCKS = YES;
				GCC_OPTIMIZATION_LEVEL = 0;
				GCC_PREPROCESSOR_DEFINITIONS = (
					"DEBUG=1",
					"$(inherited)",
				);
				GCC_WARN_64_TO_32_BIT_CONVERSION = YES;
				GCC_WARN_ABOUT_RETURN_TYPE = YES_ERROR;
				GCC_WARN_UNDECLARED_SELECTOR = YES;
				GCC_WARN_UNINITIALIZED_AUTOS = YES_AGGRESSIVE;
				GCC_WARN_UNUSED_FUNCTION = YES;
				GCC_WARN_UNUSED_VARIABLE = YES;
				IPHONEOS_DEPLOYMENT_TARGET = 14.0;
				MTL_ENABLE_DEBUG_INFO = INCLUDE_SOURCE;
				MTL_FAST_MATH = YES;
				ONLY_ACTIVE_ARCH = YES;
				SDKROOT = iphoneos;
				SWIFT_ACTIVE_COMPILATION_CONDITIONS = DEBUG;
				SWIFT_OPTIMIZATION_LEVEL = "-Onone";
			};
			name = Debug;
		};
		64462DB3252E19A700DC9032 /* Release */ = {
			isa = XCBuildConfiguration;
			buildSettings = {
				ALWAYS_SEARCH_USER_PATHS = NO;
				CLANG_ANALYZER_NONNULL = YES;
				CLANG_ANALYZER_NUMBER_OBJECT_CONVERSION = YES_AGGRESSIVE;
				CLANG_CXX_LANGUAGE_STANDARD = "gnu++14";
				CLANG_CXX_LIBRARY = "libc++";
				CLANG_ENABLE_MODULES = YES;
				CLANG_ENABLE_OBJC_ARC = YES;
				CLANG_ENABLE_OBJC_WEAK = YES;
				CLANG_WARN_BLOCK_CAPTURE_AUTORELEASING = YES;
				CLANG_WARN_BOOL_CONVERSION = YES;
				CLANG_WARN_COMMA = YES;
				CLANG_WARN_CONSTANT_CONVERSION = YES;
				CLANG_WARN_DEPRECATED_OBJC_IMPLEMENTATIONS = YES;
				CLANG_WARN_DIRECT_OBJC_ISA_USAGE = YES_ERROR;
				CLANG_WARN_DOCUMENTATION_COMMENTS = YES;
				CLANG_WARN_EMPTY_BODY = YES;
				CLANG_WARN_ENUM_CONVERSION = YES;
				CLANG_WARN_INFINITE_RECURSION = YES;
				CLANG_WARN_INT_CONVERSION = YES;
				CLANG_WARN_NON_LITERAL_NULL_CONVERSION = YES;
				CLANG_WARN_OBJC_IMPLICIT_RETAIN_SELF = YES;
				CLANG_WARN_OBJC_LITERAL_CONVERSION = YES;
				CLANG_WARN_OBJC_ROOT_CLASS = YES_ERROR;
				CLANG_WARN_QUOTED_INCLUDE_IN_FRAMEWORK_HEADER = YES;
				CLANG_WARN_RANGE_LOOP_ANALYSIS = YES;
				CLANG_WARN_STRICT_PROTOTYPES = YES;
				CLANG_WARN_SUSPICIOUS_MOVE = YES;
				CLANG_WARN_UNGUARDED_AVAILABILITY = YES_AGGRESSIVE;
				CLANG_WARN_UNREACHABLE_CODE = YES;
				CLANG_WARN__DUPLICATE_METHOD_MATCH = YES;
				COPY_PHASE_STRIP = NO;
				DEBUG_INFORMATION_FORMAT = "dwarf-with-dsym";
				ENABLE_NS_ASSERTIONS = NO;
				ENABLE_STRICT_OBJC_MSGSEND = YES;
				GCC_C_LANGUAGE_STANDARD = gnu11;
				GCC_NO_COMMON_BLOCKS = YES;
				GCC_WARN_64_TO_32_BIT_CONVERSION = YES;
				GCC_WARN_ABOUT_RETURN_TYPE = YES_ERROR;
				GCC_WARN_UNDECLARED_SELECTOR = YES;
				GCC_WARN_UNINITIALIZED_AUTOS = YES_AGGRESSIVE;
				GCC_WARN_UNUSED_FUNCTION = YES;
				GCC_WARN_UNUSED_VARIABLE = YES;
				IPHONEOS_DEPLOYMENT_TARGET = 14.0;
				MTL_ENABLE_DEBUG_INFO = NO;
				MTL_FAST_MATH = YES;
				SDKROOT = iphoneos;
				SWIFT_COMPILATION_MODE = wholemodule;
				SWIFT_OPTIMIZATION_LEVEL = "-O";
				VALIDATE_PRODUCT = YES;
			};
			name = Release;
		};
		64462DB5252E19A700DC9032 /* Debug */ = {
			isa = XCBuildConfiguration;
			buildSettings = {
				ASSETCATALOG_COMPILER_APPICON_NAME = AppIcon;
				ASSETCATALOG_COMPILER_GLOBAL_ACCENT_COLOR_NAME = AccentColor;
				CODE_SIGN_STYLE = Automatic;
				DEVELOPMENT_ASSET_PATHS = "\"swiftui-dating-ui/Preview Content\"";
				DEVELOPMENT_TEAM = 7AFB5ZUUVF;
				ENABLE_PREVIEWS = YES;
				INFOPLIST_FILE = "swiftui-dating-ui/Info.plist";
				IPHONEOS_DEPLOYMENT_TARGET = 14.0;
				LD_RUNPATH_SEARCH_PATHS = (
					"$(inherited)",
					"@executable_path/Frameworks",
				);
				PRODUCT_BUNDLE_IDENTIFIER = "github.com.duonghominhhuy.swiftui-dating-ui";
				PRODUCT_NAME = "$(TARGET_NAME)";
				SWIFT_VERSION = 5.0;
				TARGETED_DEVICE_FAMILY = "1,2";
			};
			name = Debug;
		};
		64462DB6252E19A700DC9032 /* Release */ = {
			isa = XCBuildConfiguration;
			buildSettings = {
				ASSETCATALOG_COMPILER_APPICON_NAME = AppIcon;
				ASSETCATALOG_COMPILER_GLOBAL_ACCENT_COLOR_NAME = AccentColor;
				CODE_SIGN_STYLE = Automatic;
				DEVELOPMENT_ASSET_PATHS = "\"swiftui-dating-ui/Preview Content\"";
				DEVELOPMENT_TEAM = 7AFB5ZUUVF;
				ENABLE_PREVIEWS = YES;
				INFOPLIST_FILE = "swiftui-dating-ui/Info.plist";
				IPHONEOS_DEPLOYMENT_TARGET = 14.0;
				LD_RUNPATH_SEARCH_PATHS = (
					"$(inherited)",
					"@executable_path/Frameworks",
				);
				PRODUCT_BUNDLE_IDENTIFIER = "github.com.duonghominhhuy.swiftui-dating-ui";
				PRODUCT_NAME = "$(TARGET_NAME)";
				SWIFT_VERSION = 5.0;
				TARGETED_DEVICE_FAMILY = "1,2";
			};
			name = Release;
		};
		64462DB8252E19A700DC9032 /* Debug */ = {
			isa = XCBuildConfiguration;
			buildSettings = {
				ALWAYS_EMBED_SWIFT_STANDARD_LIBRARIES = YES;
				BUNDLE_LOADER = "$(TEST_HOST)";
				CODE_SIGN_STYLE = Automatic;
				DEVELOPMENT_TEAM = 7AFB5ZUUVF;
				INFOPLIST_FILE = "swiftui-dating-uiTests/Info.plist";
				IPHONEOS_DEPLOYMENT_TARGET = 14.0;
				LD_RUNPATH_SEARCH_PATHS = (
					"$(inherited)",
					"@executable_path/Frameworks",
					"@loader_path/Frameworks",
				);
				PRODUCT_BUNDLE_IDENTIFIER = "github.com.duonghominhhuy.swiftui-dating-uiTests";
				PRODUCT_NAME = "$(TARGET_NAME)";
				SWIFT_VERSION = 5.0;
				TARGETED_DEVICE_FAMILY = "1,2";
				TEST_HOST = "$(BUILT_PRODUCTS_DIR)/swiftui-dating-ui.app/swiftui-dating-ui";
			};
			name = Debug;
		};
		64462DB9252E19A700DC9032 /* Release */ = {
			isa = XCBuildConfiguration;
			buildSettings = {
				ALWAYS_EMBED_SWIFT_STANDARD_LIBRARIES = YES;
				BUNDLE_LOADER = "$(TEST_HOST)";
				CODE_SIGN_STYLE = Automatic;
				DEVELOPMENT_TEAM = 7AFB5ZUUVF;
				INFOPLIST_FILE = "swiftui-dating-uiTests/Info.plist";
				IPHONEOS_DEPLOYMENT_TARGET = 14.0;
				LD_RUNPATH_SEARCH_PATHS = (
					"$(inherited)",
					"@executable_path/Frameworks",
					"@loader_path/Frameworks",
				);
				PRODUCT_BUNDLE_IDENTIFIER = "github.com.duonghominhhuy.swiftui-dating-uiTests";
				PRODUCT_NAME = "$(TARGET_NAME)";
				SWIFT_VERSION = 5.0;
				TARGETED_DEVICE_FAMILY = "1,2";
				TEST_HOST = "$(BUILT_PRODUCTS_DIR)/swiftui-dating-ui.app/swiftui-dating-ui";
			};
			name = Release;
		};
		64462DBB252E19A700DC9032 /* Debug */ = {
			isa = XCBuildConfiguration;
			buildSettings = {
				ALWAYS_EMBED_SWIFT_STANDARD_LIBRARIES = YES;
				CODE_SIGN_STYLE = Automatic;
				DEVELOPMENT_TEAM = 7AFB5ZUUVF;
				INFOPLIST_FILE = "swiftui-dating-uiUITests/Info.plist";
				LD_RUNPATH_SEARCH_PATHS = (
					"$(inherited)",
					"@executable_path/Frameworks",
					"@loader_path/Frameworks",
				);
				PRODUCT_BUNDLE_IDENTIFIER = "github.com.duonghominhhuy.swiftui-dating-uiUITests";
				PRODUCT_NAME = "$(TARGET_NAME)";
				SWIFT_VERSION = 5.0;
				TARGETED_DEVICE_FAMILY = "1,2";
				TEST_TARGET_NAME = "swiftui-dating-ui";
			};
			name = Debug;
		};
		64462DBC252E19A700DC9032 /* Release */ = {
			isa = XCBuildConfiguration;
			buildSettings = {
				ALWAYS_EMBED_SWIFT_STANDARD_LIBRARIES = YES;
				CODE_SIGN_STYLE = Automatic;
				DEVELOPMENT_TEAM = 7AFB5ZUUVF;
				INFOPLIST_FILE = "swiftui-dating-uiUITests/Info.plist";
				LD_RUNPATH_SEARCH_PATHS = (
					"$(inherited)",
					"@executable_path/Frameworks",
					"@loader_path/Frameworks",
				);
				PRODUCT_BUNDLE_IDENTIFIER = "github.com.duonghominhhuy.swiftui-dating-uiUITests";
				PRODUCT_NAME = "$(TARGET_NAME)";
				SWIFT_VERSION = 5.0;
				TARGETED_DEVICE_FAMILY = "1,2";
				TEST_TARGET_NAME = "swiftui-dating-ui";
			};
			name = Release;
		};
/* End XCBuildConfiguration section */

/* Begin XCConfigurationList section */
		64462D8A252E19A500DC9032 /* Build configuration list for PBXProject "swiftui-dating-ui" */ = {
			isa = XCConfigurationList;
			buildConfigurations = (
				64462DB2252E19A700DC9032 /* Debug */,
				64462DB3252E19A700DC9032 /* Release */,
			);
			defaultConfigurationIsVisible = 0;
			defaultConfigurationName = Release;
		};
		64462DB4252E19A700DC9032 /* Build configuration list for PBXNativeTarget "swiftui-dating-ui" */ = {
			isa = XCConfigurationList;
			buildConfigurations = (
				64462DB5252E19A700DC9032 /* Debug */,
				64462DB6252E19A700DC9032 /* Release */,
			);
			defaultConfigurationIsVisible = 0;
			defaultConfigurationName = Release;
		};
		64462DB7252E19A700DC9032 /* Build configuration list for PBXNativeTarget "swiftui-dating-uiTests" */ = {
			isa = XCConfigurationList;
			buildConfigurations = (
				64462DB8252E19A700DC9032 /* Debug */,
				64462DB9252E19A700DC9032 /* Release */,
			);
			defaultConfigurationIsVisible = 0;
			defaultConfigurationName = Release;
		};
		64462DBA252E19A700DC9032 /* Build configuration list for PBXNativeTarget "swiftui-dating-uiUITests" */ = {
			isa = XCConfigurationList;
			buildConfigurations = (
				64462DBB252E19A700DC9032 /* Debug */,
				64462DBC252E19A700DC9032 /* Release */,
			);
			defaultConfigurationIsVisible = 0;
			defaultConfigurationName = Release;
		};
/* End XCConfigurationList section */
	};
	rootObject = 64462D87252E19A500DC9032 /* Project object */;
}
