// !$*UTF8*$!
{
	archiveVersion = 1;
	classes = {
	};
	objectVersion = 50;
	objects = {

/* Begin PBXBuildFile section */
		64F40A302531F2C5002D2AD9 /* swiftui_firebase_connectionApp.swift in Sources */ = {isa = PBXBuildFile; fileRef = 64F40A2F2531F2C5002D2AD9 /* swiftui_firebase_connectionApp.swift */; };
		64F40A322531F2C5002D2AD9 /* ContentView.swift in Sources */ = {isa = PBXBuildFile; fileRef = 64F40A312531F2C5002D2AD9 /* ContentView.swift */; };
		64F40A342531F2C8002D2AD9 /* Assets.xcassets in Resources */ = {isa = PBXBuildFile; fileRef = 64F40A332531F2C8002D2AD9 /* Assets.xcassets */; };
		64F40A372531F2C8002D2AD9 /* Preview Assets.xcassets in Resources */ = {isa = PBXBuildFile; fileRef = 64F40A362531F2C8002D2AD9 /* Preview Assets.xcassets */; };
		64F40A422531F2C8002D2AD9 /* swiftui_firebase_connectionTests.swift in Sources */ = {isa = PBXBuildFile; fileRef = 64F40A412531F2C8002D2AD9 /* swiftui_firebase_connectionTests.swift */; };
		64F40A4D2531F2C8002D2AD9 /* swiftui_firebase_connectionUITests.swift in Sources */ = {isa = PBXBuildFile; fileRef = 64F40A4C2531F2C8002D2AD9 /* swiftui_firebase_connectionUITests.swift */; };
/* End PBXBuildFile section */

/* Begin PBXContainerItemProxy section */
		64F40A3E2531F2C8002D2AD9 /* PBXContainerItemProxy */ = {
			isa = PBXContainerItemProxy;
			containerPortal = 64F40A242531F2C5002D2AD9 /* Project object */;
			proxyType = 1;
			remoteGlobalIDString = 64F40A2B2531F2C5002D2AD9;
			remoteInfo = "swiftui-firebase-connection";
		};
		64F40A492531F2C8002D2AD9 /* PBXContainerItemProxy */ = {
			isa = PBXContainerItemProxy;
			containerPortal = 64F40A242531F2C5002D2AD9 /* Project object */;
			proxyType = 1;
			remoteGlobalIDString = 64F40A2B2531F2C5002D2AD9;
			remoteInfo = "swiftui-firebase-connection";
		};
/* End PBXContainerItemProxy section */

/* Begin PBXFileReference section */
		64F40A2C2531F2C5002D2AD9 /* swiftui-firebase-connection.app */ = {isa = PBXFileReference; explicitFileType = wrapper.application; includeInIndex = 0; path = "swiftui-firebase-connection.app"; sourceTree = BUILT_PRODUCTS_DIR; };
		64F40A2F2531F2C5002D2AD9 /* swiftui_firebase_connectionApp.swift */ = {isa = PBXFileReference; lastKnownFileType = sourcecode.swift; path = swiftui_firebase_connectionApp.swift; sourceTree = "<group>"; };
		64F40A312531F2C5002D2AD9 /* ContentView.swift */ = {isa = PBXFileReference; lastKnownFileType = sourcecode.swift; path = ContentView.swift; sourceTree = "<group>"; };
		64F40A332531F2C8002D2AD9 /* Assets.xcassets */ = {isa = PBXFileReference; lastKnownFileType = folder.assetcatalog; path = Assets.xcassets; sourceTree = "<group>"; };
		64F40A362531F2C8002D2AD9 /* Preview Assets.xcassets */ = {isa = PBXFileReference; lastKnownFileType = folder.assetcatalog; path = "Preview Assets.xcassets"; sourceTree = "<group>"; };
		64F40A382531F2C8002D2AD9 /* Info.plist */ = {isa = PBXFileReference; lastKnownFileType = text.plist.xml; path = Info.plist; sourceTree = "<group>"; };
		64F40A3D2531F2C8002D2AD9 /* swiftui-firebase-connectionTests.xctest */ = {isa = PBXFileReference; explicitFileType = wrapper.cfbundle; includeInIndex = 0; path = "swiftui-firebase-connectionTests.xctest"; sourceTree = BUILT_PRODUCTS_DIR; };
		64F40A412531F2C8002D2AD9 /* swiftui_firebase_connectionTests.swift */ = {isa = PBXFileReference; lastKnownFileType = sourcecode.swift; path = swiftui_firebase_connectionTests.swift; sourceTree = "<group>"; };
		64F40A432531F2C8002D2AD9 /* Info.plist */ = {isa = PBXFileReference; lastKnownFileType = text.plist.xml; path = Info.plist; sourceTree = "<group>"; };
		64F40A482531F2C8002D2AD9 /* swiftui-firebase-connectionUITests.xctest */ = {isa = PBXFileReference; explicitFileType = wrapper.cfbundle; includeInIndex = 0; path = "swiftui-firebase-connectionUITests.xctest"; sourceTree = BUILT_PRODUCTS_DIR; };
		64F40A4C2531F2C8002D2AD9 /* swiftui_firebase_connectionUITests.swift */ = {isa = PBXFileReference; lastKnownFileType = sourcecode.swift; path = swiftui_firebase_connectionUITests.swift; sourceTree = "<group>"; };
		64F40A4E2531F2C8002D2AD9 /* Info.plist */ = {isa = PBXFileReference; lastKnownFileType = text.plist.xml; path = Info.plist; sourceTree = "<group>"; };
/* End PBXFileReference section */

/* Begin PBXFrameworksBuildPhase section */
		64F40A292531F2C5002D2AD9 /* Frameworks */ = {
			isa = PBXFrameworksBuildPhase;
			buildActionMask = 2147483647;
			files = (
			);
			runOnlyForDeploymentPostprocessing = 0;
		};
		64F40A3A2531F2C8002D2AD9 /* Frameworks */ = {
			isa = PBXFrameworksBuildPhase;
			buildActionMask = 2147483647;
			files = (
			);
			runOnlyForDeploymentPostprocessing = 0;
		};
		64F40A452531F2C8002D2AD9 /* Frameworks */ = {
			isa = PBXFrameworksBuildPhase;
			buildActionMask = 2147483647;
			files = (
			);
			runOnlyForDeploymentPostprocessing = 0;
		};
/* End PBXFrameworksBuildPhase section */

/* Begin PBXGroup section */
		64F40A232531F2C5002D2AD9 = {
			isa = PBXGroup;
			children = (
				64F40A2E2531F2C5002D2AD9 /* swiftui-firebase-connection */,
				64F40A402531F2C8002D2AD9 /* swiftui-firebase-connectionTests */,
				64F40A4B2531F2C8002D2AD9 /* swiftui-firebase-connectionUITests */,
				64F40A2D2531F2C5002D2AD9 /* Products */,
			);
			sourceTree = "<group>";
		};
		64F40A2D2531F2C5002D2AD9 /* Products */ = {
			isa = PBXGroup;
			children = (
				64F40A2C2531F2C5002D2AD9 /* swiftui-firebase-connection.app */,
				64F40A3D2531F2C8002D2AD9 /* swiftui-firebase-connectionTests.xctest */,
				64F40A482531F2C8002D2AD9 /* swiftui-firebase-connectionUITests.xctest */,
			);
			name = Products;
			sourceTree = "<group>";
		};
		64F40A2E2531F2C5002D2AD9 /* swiftui-firebase-connection */ = {
			isa = PBXGroup;
			children = (
				64F40A2F2531F2C5002D2AD9 /* swiftui_firebase_connectionApp.swift */,
				64F40A312531F2C5002D2AD9 /* ContentView.swift */,
				64F40A332531F2C8002D2AD9 /* Assets.xcassets */,
				64F40A382531F2C8002D2AD9 /* Info.plist */,
				64F40A352531F2C8002D2AD9 /* Preview Content */,
			);
			path = "swiftui-firebase-connection";
			sourceTree = "<group>";
		};
		64F40A352531F2C8002D2AD9 /* Preview Content */ = {
			isa = PBXGroup;
			children = (
				64F40A362531F2C8002D2AD9 /* Preview Assets.xcassets */,
			);
			path = "Preview Content";
			sourceTree = "<group>";
		};
		64F40A402531F2C8002D2AD9 /* swiftui-firebase-connectionTests */ = {
			isa = PBXGroup;
			children = (
				64F40A412531F2C8002D2AD9 /* swiftui_firebase_connectionTests.swift */,
				64F40A432531F2C8002D2AD9 /* Info.plist */,
			);
			path = "swiftui-firebase-connectionTests";
			sourceTree = "<group>";
		};
		64F40A4B2531F2C8002D2AD9 /* swiftui-firebase-connectionUITests */ = {
			isa = PBXGroup;
			children = (
				64F40A4C2531F2C8002D2AD9 /* swiftui_firebase_connectionUITests.swift */,
				64F40A4E2531F2C8002D2AD9 /* Info.plist */,
			);
			path = "swiftui-firebase-connectionUITests";
			sourceTree = "<group>";
		};
/* End PBXGroup section */

/* Begin PBXNativeTarget section */
		64F40A2B2531F2C5002D2AD9 /* swiftui-firebase-connection */ = {
			isa = PBXNativeTarget;
			buildConfigurationList = 64F40A512531F2C8002D2AD9 /* Build configuration list for PBXNativeTarget "swiftui-firebase-connection" */;
			buildPhases = (
				64F40A282531F2C5002D2AD9 /* Sources */,
				64F40A292531F2C5002D2AD9 /* Frameworks */,
				64F40A2A2531F2C5002D2AD9 /* Resources */,
			);
			buildRules = (
			);
			dependencies = (
			);
			name = "swiftui-firebase-connection";
			productName = "swiftui-firebase-connection";
			productReference = 64F40A2C2531F2C5002D2AD9 /* swiftui-firebase-connection.app */;
			productType = "com.apple.product-type.application";
		};
		64F40A3C2531F2C8002D2AD9 /* swiftui-firebase-connectionTests */ = {
			isa = PBXNativeTarget;
			buildConfigurationList = 64F40A542531F2C8002D2AD9 /* Build configuration list for PBXNativeTarget "swiftui-firebase-connectionTests" */;
			buildPhases = (
				64F40A392531F2C8002D2AD9 /* Sources */,
				64F40A3A2531F2C8002D2AD9 /* Frameworks */,
				64F40A3B2531F2C8002D2AD9 /* Resources */,
			);
			buildRules = (
			);
			dependencies = (
				64F40A3F2531F2C8002D2AD9 /* PBXTargetDependency */,
			);
			name = "swiftui-firebase-connectionTests";
			productName = "swiftui-firebase-connectionTests";
			productReference = 64F40A3D2531F2C8002D2AD9 /* swiftui-firebase-connectionTests.xctest */;
			productType = "com.apple.product-type.bundle.unit-test";
		};
		64F40A472531F2C8002D2AD9 /* swiftui-firebase-connectionUITests */ = {
			isa = PBXNativeTarget;
			buildConfigurationList = 64F40A572531F2C8002D2AD9 /* Build configuration list for PBXNativeTarget "swiftui-firebase-connectionUITests" */;
			buildPhases = (
				64F40A442531F2C8002D2AD9 /* Sources */,
				64F40A452531F2C8002D2AD9 /* Frameworks */,
				64F40A462531F2C8002D2AD9 /* Resources */,
			);
			buildRules = (
			);
			dependencies = (
				64F40A4A2531F2C8002D2AD9 /* PBXTargetDependency */,
			);
			name = "swiftui-firebase-connectionUITests";
			productName = "swiftui-firebase-connectionUITests";
			productReference = 64F40A482531F2C8002D2AD9 /* swiftui-firebase-connectionUITests.xctest */;
			productType = "com.apple.product-type.bundle.ui-testing";
		};
/* End PBXNativeTarget section */

/* Begin PBXProject section */
		64F40A242531F2C5002D2AD9 /* Project object */ = {
			isa = PBXProject;
			attributes = {
				LastSwiftUpdateCheck = 1200;
				LastUpgradeCheck = 1200;
				TargetAttributes = {
					64F40A2B2531F2C5002D2AD9 = {
						CreatedOnToolsVersion = 12.0.1;
					};
					64F40A3C2531F2C8002D2AD9 = {
						CreatedOnToolsVersion = 12.0.1;
						TestTargetID = 64F40A2B2531F2C5002D2AD9;
					};
					64F40A472531F2C8002D2AD9 = {
						CreatedOnToolsVersion = 12.0.1;
						TestTargetID = 64F40A2B2531F2C5002D2AD9;
					};
				};
			};
			buildConfigurationList = 64F40A272531F2C5002D2AD9 /* Build configuration list for PBXProject "swiftui-firebase-connection" */;
			compatibilityVersion = "Xcode 9.3";
			developmentRegion = en;
			hasScannedForEncodings = 0;
			knownRegions = (
				en,
				Base,
			);
			mainGroup = 64F40A232531F2C5002D2AD9;
			productRefGroup = 64F40A2D2531F2C5002D2AD9 /* Products */;
			projectDirPath = "";
			projectRoot = "";
			targets = (
				64F40A2B2531F2C5002D2AD9 /* swiftui-firebase-connection */,
				64F40A3C2531F2C8002D2AD9 /* swiftui-firebase-connectionTests */,
				64F40A472531F2C8002D2AD9 /* swiftui-firebase-connectionUITests */,
			);
		};
/* End PBXProject section */

/* Begin PBXResourcesBuildPhase section */
		64F40A2A2531F2C5002D2AD9 /* Resources */ = {
			isa = PBXResourcesBuildPhase;
			buildActionMask = 2147483647;
			files = (
				64F40A372531F2C8002D2AD9 /* Preview Assets.xcassets in Resources */,
				64F40A342531F2C8002D2AD9 /* Assets.xcassets in Resources */,
			);
			runOnlyForDeploymentPostprocessing = 0;
		};
		64F40A3B2531F2C8002D2AD9 /* Resources */ = {
			isa = PBXResourcesBuildPhase;
			buildActionMask = 2147483647;
			files = (
			);
			runOnlyForDeploymentPostprocessing = 0;
		};
		64F40A462531F2C8002D2AD9 /* Resources */ = {
			isa = PBXResourcesBuildPhase;
			buildActionMask = 2147483647;
			files = (
			);
			runOnlyForDeploymentPostprocessing = 0;
		};
/* End PBXResourcesBuildPhase section */

/* Begin PBXSourcesBuildPhase section */
		64F40A282531F2C5002D2AD9 /* Sources */ = {
			isa = PBXSourcesBuildPhase;
			buildActionMask = 2147483647;
			files = (
				64F40A322531F2C5002D2AD9 /* ContentView.swift in Sources */,
				64F40A302531F2C5002D2AD9 /* swiftui_firebase_connectionApp.swift in Sources */,
			);
			runOnlyForDeploymentPostprocessing = 0;
		};
		64F40A392531F2C8002D2AD9 /* Sources */ = {
			isa = PBXSourcesBuildPhase;
			buildActionMask = 2147483647;
			files = (
				64F40A422531F2C8002D2AD9 /* swiftui_firebase_connectionTests.swift in Sources */,
			);
			runOnlyForDeploymentPostprocessing = 0;
		};
		64F40A442531F2C8002D2AD9 /* Sources */ = {
			isa = PBXSourcesBuildPhase;
			buildActionMask = 2147483647;
			files = (
				64F40A4D2531F2C8002D2AD9 /* swiftui_firebase_connectionUITests.swift in Sources */,
			);
			runOnlyForDeploymentPostprocessing = 0;
		};
/* End PBXSourcesBuildPhase section */

/* Begin PBXTargetDependency section */
		64F40A3F2531F2C8002D2AD9 /* PBXTargetDependency */ = {
			isa = PBXTargetDependency;
			target = 64F40A2B2531F2C5002D2AD9 /* swiftui-firebase-connection */;
			targetProxy = 64F40A3E2531F2C8002D2AD9 /* PBXContainerItemProxy */;
		};
		64F40A4A2531F2C8002D2AD9 /* PBXTargetDependency */ = {
			isa = PBXTargetDependency;
			target = 64F40A2B2531F2C5002D2AD9 /* swiftui-firebase-connection */;
			targetProxy = 64F40A492531F2C8002D2AD9 /* PBXContainerItemProxy */;
		};
/* End PBXTargetDependency section */

/* Begin XCBuildConfiguration section */
		64F40A4F2531F2C8002D2AD9 /* Debug */ = {
			isa = XCBuildConfiguration;
			buildSettings = {
				ALWAYS_SEARCH_USER_PATHS = NO;
				CLANG_ANALYZER_NONNULL = YES;
				CLANG_ANALYZER_NUMBER_OBJECT_CONVERSION = YES_AGGRESSIVE;
				CLANG_CXX_LANGUAGE_STANDARD = "gnu++14";
				CLANG_CXX_LIBRARY = "libc++";
				CLANG_ENABLE_MODULES = YES;
				CLANG_ENABLE_OBJC_ARC = YES;
				CLANG_ENABLE_OBJC_WEAK = YES;
				CLANG_WARN_BLOCK_CAPTURE_AUTORELEASING = YES;
				CLANG_WARN_BOOL_CONVERSION = YES;
				CLANG_WARN_COMMA = YES;
				CLANG_WARN_CONSTANT_CONVERSION = YES;
				CLANG_WARN_DEPRECATED_OBJC_IMPLEMENTATIONS = YES;
				CLANG_WARN_DIRECT_OBJC_ISA_USAGE = YES_ERROR;
				CLANG_WARN_DOCUMENTATION_COMMENTS = YES;
				CLANG_WARN_EMPTY_BODY = YES;
				CLANG_WARN_ENUM_CONVERSION = YES;
				CLANG_WARN_INFINITE_RECURSION = YES;
				CLANG_WARN_INT_CONVERSION = YES;
				CLANG_WARN_NON_LITERAL_NULL_CONVERSION = YES;
				CLANG_WARN_OBJC_IMPLICIT_RETAIN_SELF = YES;
				CLANG_WARN_OBJC_LITERAL_CONVERSION = YES;
				CLANG_WARN_OBJC_ROOT_CLASS = YES_ERROR;
				CLANG_WARN_QUOTED_INCLUDE_IN_FRAMEWORK_HEADER = YES;
				CLANG_WARN_RANGE_LOOP_ANALYSIS = YES;
				CLANG_WARN_STRICT_PROTOTYPES = YES;
				CLANG_WARN_SUSPICIOUS_MOVE = YES;
				CLANG_WARN_UNGUARDED_AVAILABILITY = YES_AGGRESSIVE;
				CLANG_WARN_UNREACHABLE_CODE = YES;
				CLANG_WARN__DUPLICATE_METHOD_MATCH = YES;
				COPY_PHASE_STRIP = NO;
				DEBUG_INFORMATION_FORMAT = dwarf;
				ENABLE_STRICT_OBJC_MSGSEND = YES;
				ENABLE_TESTABILITY = YES;
				GCC_C_LANGUAGE_STANDARD = gnu11;
				GCC_DYNAMIC_NO_PIC = NO;
				GCC_NO_COMMON_BLOCKS = YES;
				GCC_OPTIMIZATION_LEVEL = 0;
				GCC_PREPROCESSOR_DEFINITIONS = (
					"DEBUG=1",
					"$(inherited)",
				);
				GCC_WARN_64_TO_32_BIT_CONVERSION = YES;
				GCC_WARN_ABOUT_RETURN_TYPE = YES_ERROR;
				GCC_WARN_UNDECLARED_SELECTOR = YES;
				GCC_WARN_UNINITIALIZED_AUTOS = YES_AGGRESSIVE;
				GCC_WARN_UNUSED_FUNCTION = YES;
				GCC_WARN_UNUSED_VARIABLE = YES;
				IPHONEOS_DEPLOYMENT_TARGET = 14.0;
				MTL_ENABLE_DEBUG_INFO = INCLUDE_SOURCE;
				MTL_FAST_MATH = YES;
				ONLY_ACTIVE_ARCH = YES;
				SDKROOT = iphoneos;
				SWIFT_ACTIVE_COMPILATION_CONDITIONS = DEBUG;
				SWIFT_OPTIMIZATION_LEVEL = "-Onone";
			};
			name = Debug;
		};
		64F40A502531F2C8002D2AD9 /* Release */ = {
			isa = XCBuildConfiguration;
			buildSettings = {
				ALWAYS_SEARCH_USER_PATHS = NO;
				CLANG_ANALYZER_NONNULL = YES;
				CLANG_ANALYZER_NUMBER_OBJECT_CONVERSION = YES_AGGRESSIVE;
				CLANG_CXX_LANGUAGE_STANDARD = "gnu++14";
				CLANG_CXX_LIBRARY = "libc++";
				CLANG_ENABLE_MODULES = YES;
				CLANG_ENABLE_OBJC_ARC = YES;
				CLANG_ENABLE_OBJC_WEAK = YES;
				CLANG_WARN_BLOCK_CAPTURE_AUTORELEASING = YES;
				CLANG_WARN_BOOL_CONVERSION = YES;
				CLANG_WARN_COMMA = YES;
				CLANG_WARN_CONSTANT_CONVERSION = YES;
				CLANG_WARN_DEPRECATED_OBJC_IMPLEMENTATIONS = YES;
				CLANG_WARN_DIRECT_OBJC_ISA_USAGE = YES_ERROR;
				CLANG_WARN_DOCUMENTATION_COMMENTS = YES;
				CLANG_WARN_EMPTY_BODY = YES;
				CLANG_WARN_ENUM_CONVERSION = YES;
				CLANG_WARN_INFINITE_RECURSION = YES;
				CLANG_WARN_INT_CONVERSION = YES;
				CLANG_WARN_NON_LITERAL_NULL_CONVERSION = YES;
				CLANG_WARN_OBJC_IMPLICIT_RETAIN_SELF = YES;
				CLANG_WARN_OBJC_LITERAL_CONVERSION = YES;
				CLANG_WARN_OBJC_ROOT_CLASS = YES_ERROR;
				CLANG_WARN_QUOTED_INCLUDE_IN_FRAMEWORK_HEADER = YES;
				CLANG_WARN_RANGE_LOOP_ANALYSIS = YES;
				CLANG_WARN_STRICT_PROTOTYPES = YES;
				CLANG_WARN_SUSPICIOUS_MOVE = YES;
				CLANG_WARN_UNGUARDED_AVAILABILITY = YES_AGGRESSIVE;
				CLANG_WARN_UNREACHABLE_CODE = YES;
				CLANG_WARN__DUPLICATE_METHOD_MATCH = YES;
				COPY_PHASE_STRIP = NO;
				DEBUG_INFORMATION_FORMAT = "dwarf-with-dsym";
				ENABLE_NS_ASSERTIONS = NO;
				ENABLE_STRICT_OBJC_MSGSEND = YES;
				GCC_C_LANGUAGE_STANDARD = gnu11;
				GCC_NO_COMMON_BLOCKS = YES;
				GCC_WARN_64_TO_32_BIT_CONVERSION = YES;
				GCC_WARN_ABOUT_RETURN_TYPE = YES_ERROR;
				GCC_WARN_UNDECLARED_SELECTOR = YES;
				GCC_WARN_UNINITIALIZED_AUTOS = YES_AGGRESSIVE;
				GCC_WARN_UNUSED_FUNCTION = YES;
				GCC_WARN_UNUSED_VARIABLE = YES;
				IPHONEOS_DEPLOYMENT_TARGET = 14.0;
				MTL_ENABLE_DEBUG_INFO = NO;
				MTL_FAST_MATH = YES;
				SDKROOT = iphoneos;
				SWIFT_COMPILATION_MODE = wholemodule;
				SWIFT_OPTIMIZATION_LEVEL = "-O";
				VALIDATE_PRODUCT = YES;
			};
			name = Release;
		};
		64F40A522531F2C8002D2AD9 /* Debug */ = {
			isa = XCBuildConfiguration;
			buildSettings = {
				ASSETCATALOG_COMPILER_APPICON_NAME = AppIcon;
				ASSETCATALOG_COMPILER_GLOBAL_ACCENT_COLOR_NAME = AccentColor;
				CODE_SIGN_STYLE = Automatic;
				DEVELOPMENT_ASSET_PATHS = "\"swiftui-firebase-connection/Preview Content\"";
				DEVELOPMENT_TEAM = 7AFB5ZUUVF;
				ENABLE_PREVIEWS = YES;
				INFOPLIST_FILE = "swiftui-firebase-connection/Info.plist";
				IPHONEOS_DEPLOYMENT_TARGET = 14.0;
				LD_RUNPATH_SEARCH_PATHS = (
					"$(inherited)",
					"@executable_path/Frameworks",
				);
				PRODUCT_BUNDLE_IDENTIFIER = "github.com.duonghominhhuy.swiftui-firebase-connection";
				PRODUCT_NAME = "$(TARGET_NAME)";
				SWIFT_VERSION = 5.0;
				TARGETED_DEVICE_FAMILY = "1,2";
			};
			name = Debug;
		};
		64F40A532531F2C8002D2AD9 /* Release */ = {
			isa = XCBuildConfiguration;
			buildSettings = {
				ASSETCATALOG_COMPILER_APPICON_NAME = AppIcon;
				ASSETCATALOG_COMPILER_GLOBAL_ACCENT_COLOR_NAME = AccentColor;
				CODE_SIGN_STYLE = Automatic;
				DEVELOPMENT_ASSET_PATHS = "\"swiftui-firebase-connection/Preview Content\"";
				DEVELOPMENT_TEAM = 7AFB5ZUUVF;
				ENABLE_PREVIEWS = YES;
				INFOPLIST_FILE = "swiftui-firebase-connection/Info.plist";
				IPHONEOS_DEPLOYMENT_TARGET = 14.0;
				LD_RUNPATH_SEARCH_PATHS = (
					"$(inherited)",
					"@executable_path/Frameworks",
				);
				PRODUCT_BUNDLE_IDENTIFIER = "github.com.duonghominhhuy.swiftui-firebase-connection";
				PRODUCT_NAME = "$(TARGET_NAME)";
				SWIFT_VERSION = 5.0;
				TARGETED_DEVICE_FAMILY = "1,2";
			};
			name = Release;
		};
		64F40A552531F2C8002D2AD9 /* Debug */ = {
			isa = XCBuildConfiguration;
			buildSettings = {
				ALWAYS_EMBED_SWIFT_STANDARD_LIBRARIES = YES;
				BUNDLE_LOADER = "$(TEST_HOST)";
				CODE_SIGN_STYLE = Automatic;
				DEVELOPMENT_TEAM = 7AFB5ZUUVF;
				INFOPLIST_FILE = "swiftui-firebase-connectionTests/Info.plist";
				IPHONEOS_DEPLOYMENT_TARGET = 14.0;
				LD_RUNPATH_SEARCH_PATHS = (
					"$(inherited)",
					"@executable_path/Frameworks",
					"@loader_path/Frameworks",
				);
				PRODUCT_BUNDLE_IDENTIFIER = "github.com.duonghominhhuy.swiftui-firebase-connectionTests";
				PRODUCT_NAME = "$(TARGET_NAME)";
				SWIFT_VERSION = 5.0;
				TARGETED_DEVICE_FAMILY = "1,2";
				TEST_HOST = "$(BUILT_PRODUCTS_DIR)/swiftui-firebase-connection.app/swiftui-firebase-connection";
			};
			name = Debug;
		};
		64F40A562531F2C8002D2AD9 /* Release */ = {
			isa = XCBuildConfiguration;
			buildSettings = {
				ALWAYS_EMBED_SWIFT_STANDARD_LIBRARIES = YES;
				BUNDLE_LOADER = "$(TEST_HOST)";
				CODE_SIGN_STYLE = Automatic;
				DEVELOPMENT_TEAM = 7AFB5ZUUVF;
				INFOPLIST_FILE = "swiftui-firebase-connectionTests/Info.plist";
				IPHONEOS_DEPLOYMENT_TARGET = 14.0;
				LD_RUNPATH_SEARCH_PATHS = (
					"$(inherited)",
					"@executable_path/Frameworks",
					"@loader_path/Frameworks",
				);
				PRODUCT_BUNDLE_IDENTIFIER = "github.com.duonghominhhuy.swiftui-firebase-connectionTests";
				PRODUCT_NAME = "$(TARGET_NAME)";
				SWIFT_VERSION = 5.0;
				TARGETED_DEVICE_FAMILY = "1,2";
				TEST_HOST = "$(BUILT_PRODUCTS_DIR)/swiftui-firebase-connection.app/swiftui-firebase-connection";
			};
			name = Release;
		};
		64F40A582531F2C8002D2AD9 /* Debug */ = {
			isa = XCBuildConfiguration;
			buildSettings = {
				ALWAYS_EMBED_SWIFT_STANDARD_LIBRARIES = YES;
				CODE_SIGN_STYLE = Automatic;
				DEVELOPMENT_TEAM = 7AFB5ZUUVF;
				INFOPLIST_FILE = "swiftui-firebase-connectionUITests/Info.plist";
				LD_RUNPATH_SEARCH_PATHS = (
					"$(inherited)",
					"@executable_path/Frameworks",
					"@loader_path/Frameworks",
				);
				PRODUCT_BUNDLE_IDENTIFIER = "github.com.duonghominhhuy.swiftui-firebase-connectionUITests";
				PRODUCT_NAME = "$(TARGET_NAME)";
				SWIFT_VERSION = 5.0;
				TARGETED_DEVICE_FAMILY = "1,2";
				TEST_TARGET_NAME = "swiftui-firebase-connection";
			};
			name = Debug;
		};
		64F40A592531F2C8002D2AD9 /* Release */ = {
			isa = XCBuildConfiguration;
			buildSettings = {
				ALWAYS_EMBED_SWIFT_STANDARD_LIBRARIES = YES;
				CODE_SIGN_STYLE = Automatic;
				DEVELOPMENT_TEAM = 7AFB5ZUUVF;
				INFOPLIST_FILE = "swiftui-firebase-connectionUITests/Info.plist";
				LD_RUNPATH_SEARCH_PATHS = (
					"$(inherited)",
					"@executable_path/Frameworks",
					"@loader_path/Frameworks",
				);
				PRODUCT_BUNDLE_IDENTIFIER = "github.com.duonghominhhuy.swiftui-firebase-connectionUITests";
				PRODUCT_NAME = "$(TARGET_NAME)";
				SWIFT_VERSION = 5.0;
				TARGETED_DEVICE_FAMILY = "1,2";
				TEST_TARGET_NAME = "swiftui-firebase-connection";
			};
			name = Release;
		};
/* End XCBuildConfiguration section */

/* Begin XCConfigurationList section */
		64F40A272531F2C5002D2AD9 /* Build configuration list for PBXProject "swiftui-firebase-connection" */ = {
			isa = XCConfigurationList;
			buildConfigurations = (
				64F40A4F2531F2C8002D2AD9 /* Debug */,
				64F40A502531F2C8002D2AD9 /* Release */,
			);
			defaultConfigurationIsVisible = 0;
			defaultConfigurationName = Release;
		};
		64F40A512531F2C8002D2AD9 /* Build configuration list for PBXNativeTarget "swiftui-firebase-connection" */ = {
			isa = XCConfigurationList;
			buildConfigurations = (
				64F40A522531F2C8002D2AD9 /* Debug */,
				64F40A532531F2C8002D2AD9 /* Release */,
			);
			defaultConfigurationIsVisible = 0;
			defaultConfigurationName = Release;
		};
		64F40A542531F2C8002D2AD9 /* Build configuration list for PBXNativeTarget "swiftui-firebase-connectionTests" */ = {
			isa = XCConfigurationList;
			buildConfigurations = (
				64F40A552531F2C8002D2AD9 /* Debug */,
				64F40A562531F2C8002D2AD9 /* Release */,
			);
			defaultConfigurationIsVisible = 0;
			defaultConfigurationName = Release;
		};
		64F40A572531F2C8002D2AD9 /* Build configuration list for PBXNativeTarget "swiftui-firebase-connectionUITests" */ = {
			isa = XCConfigurationList;
			buildConfigurations = (
				64F40A582531F2C8002D2AD9 /* Debug */,
				64F40A592531F2C8002D2AD9 /* Release */,
			);
			defaultConfigurationIsVisible = 0;
			defaultConfigurationName = Release;
		};
/* End XCConfigurationList section */
	};
	rootObject = 64F40A242531F2C5002D2AD9 /* Project object */;
}
